// !$*UTF8*$!
{
	archiveVersion = 1;
	classes = {
	};
	objectVersion = 46;
	objects = {

/* Begin PBXBuildFile section */
		3A1922021B8107330092C6B1 /* Key+File.swift in Sources */ = {isa = PBXBuildFile; fileRef = 3A1922011B8107330092C6B1 /* Key+File.swift */; };
		3A1922041B810A7B0092C6B1 /* KeyFileTests.swift in Sources */ = {isa = PBXBuildFile; fileRef = 3A1922031B810A7B0092C6B1 /* KeyFileTests.swift */; };
		3A1922061B810D390092C6B1 /* PublicKey.swift in Sources */ = {isa = PBXBuildFile; fileRef = 3A1922051B810D390092C6B1 /* PublicKey.swift */; };
		3A1922081B8110660092C6B1 /* crypto_box.swift in Sources */ = {isa = PBXBuildFile; fileRef = 3A1922071B8110660092C6B1 /* crypto_box.swift */; };
		3A19220A1B8112170092C6B1 /* CryptoBoxTests.swift in Sources */ = {isa = PBXBuildFile; fileRef = 3A1922091B8112170092C6B1 /* CryptoBoxTests.swift */; };
		3A19220C1B8112A30092C6B1 /* alice.key in Resources */ = {isa = PBXBuildFile; fileRef = 3A19220B1B8112A30092C6B1 /* alice.key */; };
		3A19220E1B8118140092C6B1 /* bob.key in Resources */ = {isa = PBXBuildFile; fileRef = 3A19220D1B8118140092C6B1 /* bob.key */; };
		3A1922131B811DD50092C6B1 /* Key+Zeroing.swift in Sources */ = {isa = PBXBuildFile; fileRef = 3A1922121B811DD50092C6B1 /* Key+Zeroing.swift */; };
		3A526F6B1B80AC130092BA60 /* SwiftAPI.swift in Sources */ = {isa = PBXBuildFile; fileRef = 3A526F681B80AC130092BA60 /* SwiftAPI.swift */; };
		3A526F6C1B80AC130092BA60 /* Key.swift in Sources */ = {isa = PBXBuildFile; fileRef = 3A526F691B80AC130092BA60 /* Key.swift */; };
		3A526F6D1B80AC130092BA60 /* crypto_secretbox.swift in Sources */ = {isa = PBXBuildFile; fileRef = 3A526F6A1B80AC130092BA60 /* crypto_secretbox.swift */; };
		3A526FA51B80ACCE0092BA60 /* core.h in Headers */ = {isa = PBXBuildFile; fileRef = 3A526F6F1B80ACCE0092BA60 /* core.h */; settings = {ATTRIBUTES = (Public, ); }; };
		3A526FA61B80ACCE0092BA60 /* crypto_aead_chacha20poly1305.h in Headers */ = {isa = PBXBuildFile; fileRef = 3A526F701B80ACCE0092BA60 /* crypto_aead_chacha20poly1305.h */; settings = {ATTRIBUTES = (Public, ); }; };
		3A526FA71B80ACCE0092BA60 /* crypto_auth_hmacsha256.h in Headers */ = {isa = PBXBuildFile; fileRef = 3A526F711B80ACCE0092BA60 /* crypto_auth_hmacsha256.h */; settings = {ATTRIBUTES = (Public, ); }; };
		3A526FA81B80ACCE0092BA60 /* crypto_auth_hmacsha512.h in Headers */ = {isa = PBXBuildFile; fileRef = 3A526F721B80ACCE0092BA60 /* crypto_auth_hmacsha512.h */; settings = {ATTRIBUTES = (Public, ); }; };
		3A526FA91B80ACCE0092BA60 /* crypto_auth_hmacsha512256.h in Headers */ = {isa = PBXBuildFile; fileRef = 3A526F731B80ACCE0092BA60 /* crypto_auth_hmacsha512256.h */; settings = {ATTRIBUTES = (Public, ); }; };
		3A526FAA1B80ACCE0092BA60 /* crypto_auth.h in Headers */ = {isa = PBXBuildFile; fileRef = 3A526F741B80ACCE0092BA60 /* crypto_auth.h */; settings = {ATTRIBUTES = (Public, ); }; };
		3A526FAB1B80ACCE0092BA60 /* crypto_box_curve25519xsalsa20poly1305.h in Headers */ = {isa = PBXBuildFile; fileRef = 3A526F751B80ACCE0092BA60 /* crypto_box_curve25519xsalsa20poly1305.h */; settings = {ATTRIBUTES = (Public, ); }; };
		3A526FAC1B80ACCE0092BA60 /* crypto_box.h in Headers */ = {isa = PBXBuildFile; fileRef = 3A526F761B80ACCE0092BA60 /* crypto_box.h */; settings = {ATTRIBUTES = (Public, ); }; };
		3A526FAD1B80ACCE0092BA60 /* crypto_core_hsalsa20.h in Headers */ = {isa = PBXBuildFile; fileRef = 3A526F771B80ACCE0092BA60 /* crypto_core_hsalsa20.h */; settings = {ATTRIBUTES = (Public, ); }; };
		3A526FAE1B80ACCE0092BA60 /* crypto_core_salsa20.h in Headers */ = {isa = PBXBuildFile; fileRef = 3A526F781B80ACCE0092BA60 /* crypto_core_salsa20.h */; settings = {ATTRIBUTES = (Public, ); }; };
		3A526FAF1B80ACCE0092BA60 /* crypto_core_salsa208.h in Headers */ = {isa = PBXBuildFile; fileRef = 3A526F791B80ACCE0092BA60 /* crypto_core_salsa208.h */; settings = {ATTRIBUTES = (Public, ); }; };
		3A526FB01B80ACCE0092BA60 /* crypto_core_salsa2012.h in Headers */ = {isa = PBXBuildFile; fileRef = 3A526F7A1B80ACCE0092BA60 /* crypto_core_salsa2012.h */; settings = {ATTRIBUTES = (Public, ); }; };
		3A526FB11B80ACCE0092BA60 /* crypto_generichash_blake2b.h in Headers */ = {isa = PBXBuildFile; fileRef = 3A526F7B1B80ACCE0092BA60 /* crypto_generichash_blake2b.h */; settings = {ATTRIBUTES = (Public, ); }; };
		3A526FB21B80ACCE0092BA60 /* crypto_generichash.h in Headers */ = {isa = PBXBuildFile; fileRef = 3A526F7C1B80ACCE0092BA60 /* crypto_generichash.h */; settings = {ATTRIBUTES = (Public, ); }; };
		3A526FB31B80ACCE0092BA60 /* crypto_hash_sha256.h in Headers */ = {isa = PBXBuildFile; fileRef = 3A526F7D1B80ACCE0092BA60 /* crypto_hash_sha256.h */; settings = {ATTRIBUTES = (Public, ); }; };
		3A526FB41B80ACCE0092BA60 /* crypto_hash_sha512.h in Headers */ = {isa = PBXBuildFile; fileRef = 3A526F7E1B80ACCE0092BA60 /* crypto_hash_sha512.h */; settings = {ATTRIBUTES = (Public, ); }; };
		3A526FB51B80ACCE0092BA60 /* crypto_hash.h in Headers */ = {isa = PBXBuildFile; fileRef = 3A526F7F1B80ACCE0092BA60 /* crypto_hash.h */; settings = {ATTRIBUTES = (Public, ); }; };
		3A526FB61B80ACCE0092BA60 /* crypto_int32.h in Headers */ = {isa = PBXBuildFile; fileRef = 3A526F801B80ACCE0092BA60 /* crypto_int32.h */; settings = {ATTRIBUTES = (Public, ); }; };
		3A526FB71B80ACCE0092BA60 /* crypto_int64.h in Headers */ = {isa = PBXBuildFile; fileRef = 3A526F811B80ACCE0092BA60 /* crypto_int64.h */; settings = {ATTRIBUTES = (Public, ); }; };
		3A526FB81B80ACCE0092BA60 /* crypto_onetimeauth_poly1305.h in Headers */ = {isa = PBXBuildFile; fileRef = 3A526F821B80ACCE0092BA60 /* crypto_onetimeauth_poly1305.h */; settings = {ATTRIBUTES = (Public, ); }; };
		3A526FB91B80ACCE0092BA60 /* crypto_onetimeauth.h in Headers */ = {isa = PBXBuildFile; fileRef = 3A526F831B80ACCE0092BA60 /* crypto_onetimeauth.h */; settings = {ATTRIBUTES = (Public, ); }; };
		3A526FBA1B80ACCE0092BA60 /* crypto_pwhash_scryptsalsa208sha256.h in Headers */ = {isa = PBXBuildFile; fileRef = 3A526F841B80ACCE0092BA60 /* crypto_pwhash_scryptsalsa208sha256.h */; settings = {ATTRIBUTES = (Public, ); }; };
		3A526FBB1B80ACCE0092BA60 /* crypto_scalarmult_curve25519.h in Headers */ = {isa = PBXBuildFile; fileRef = 3A526F851B80ACCE0092BA60 /* crypto_scalarmult_curve25519.h */; settings = {ATTRIBUTES = (Public, ); }; };
		3A526FBC1B80ACCE0092BA60 /* crypto_scalarmult.h in Headers */ = {isa = PBXBuildFile; fileRef = 3A526F861B80ACCE0092BA60 /* crypto_scalarmult.h */; settings = {ATTRIBUTES = (Public, ); }; };
		3A526FBD1B80ACCE0092BA60 /* crypto_secretbox_xsalsa20poly1305.h in Headers */ = {isa = PBXBuildFile; fileRef = 3A526F871B80ACCE0092BA60 /* crypto_secretbox_xsalsa20poly1305.h */; settings = {ATTRIBUTES = (Public, ); }; };
		3A526FBE1B80ACCE0092BA60 /* crypto_secretbox.h in Headers */ = {isa = PBXBuildFile; fileRef = 3A526F881B80ACCE0092BA60 /* crypto_secretbox.h */; settings = {ATTRIBUTES = (Public, ); }; };
		3A526FBF1B80ACCE0092BA60 /* crypto_shorthash_siphash24.h in Headers */ = {isa = PBXBuildFile; fileRef = 3A526F891B80ACCE0092BA60 /* crypto_shorthash_siphash24.h */; settings = {ATTRIBUTES = (Public, ); }; };
		3A526FC01B80ACCE0092BA60 /* crypto_shorthash.h in Headers */ = {isa = PBXBuildFile; fileRef = 3A526F8A1B80ACCE0092BA60 /* crypto_shorthash.h */; settings = {ATTRIBUTES = (Public, ); }; };
		3A526FC11B80ACCE0092BA60 /* crypto_sign_ed25519.h in Headers */ = {isa = PBXBuildFile; fileRef = 3A526F8B1B80ACCE0092BA60 /* crypto_sign_ed25519.h */; settings = {ATTRIBUTES = (Public, ); }; };
		3A526FC21B80ACCE0092BA60 /* crypto_sign_edwards25519sha512batch.h in Headers */ = {isa = PBXBuildFile; fileRef = 3A526F8C1B80ACCE0092BA60 /* crypto_sign_edwards25519sha512batch.h */; settings = {ATTRIBUTES = (Public, ); }; };
		3A526FC31B80ACCE0092BA60 /* crypto_sign.h in Headers */ = {isa = PBXBuildFile; fileRef = 3A526F8D1B80ACCE0092BA60 /* crypto_sign.h */; settings = {ATTRIBUTES = (Public, ); }; };
		3A526FC41B80ACCE0092BA60 /* crypto_stream_aes128ctr.h in Headers */ = {isa = PBXBuildFile; fileRef = 3A526F8E1B80ACCE0092BA60 /* crypto_stream_aes128ctr.h */; settings = {ATTRIBUTES = (Public, ); }; };
		3A526FC51B80ACCE0092BA60 /* crypto_stream_chacha20.h in Headers */ = {isa = PBXBuildFile; fileRef = 3A526F8F1B80ACCE0092BA60 /* crypto_stream_chacha20.h */; settings = {ATTRIBUTES = (Public, ); }; };
		3A526FC61B80ACCE0092BA60 /* crypto_stream_salsa20.h in Headers */ = {isa = PBXBuildFile; fileRef = 3A526F901B80ACCE0092BA60 /* crypto_stream_salsa20.h */; settings = {ATTRIBUTES = (Public, ); }; };
		3A526FC71B80ACCE0092BA60 /* crypto_stream_salsa208.h in Headers */ = {isa = PBXBuildFile; fileRef = 3A526F911B80ACCE0092BA60 /* crypto_stream_salsa208.h */; settings = {ATTRIBUTES = (Public, ); }; };
		3A526FC81B80ACCE0092BA60 /* crypto_stream_salsa2012.h in Headers */ = {isa = PBXBuildFile; fileRef = 3A526F921B80ACCE0092BA60 /* crypto_stream_salsa2012.h */; settings = {ATTRIBUTES = (Public, ); }; };
		3A526FC91B80ACCE0092BA60 /* crypto_stream_xsalsa20.h in Headers */ = {isa = PBXBuildFile; fileRef = 3A526F931B80ACCE0092BA60 /* crypto_stream_xsalsa20.h */; settings = {ATTRIBUTES = (Public, ); }; };
		3A526FCA1B80ACCE0092BA60 /* crypto_stream.h in Headers */ = {isa = PBXBuildFile; fileRef = 3A526F941B80ACCE0092BA60 /* crypto_stream.h */; settings = {ATTRIBUTES = (Public, ); }; };
		3A526FCB1B80ACCE0092BA60 /* crypto_uint8.h in Headers */ = {isa = PBXBuildFile; fileRef = 3A526F951B80ACCE0092BA60 /* crypto_uint8.h */; settings = {ATTRIBUTES = (Public, ); }; };
		3A526FCC1B80ACCE0092BA60 /* crypto_uint16.h in Headers */ = {isa = PBXBuildFile; fileRef = 3A526F961B80ACCE0092BA60 /* crypto_uint16.h */; settings = {ATTRIBUTES = (Public, ); }; };
		3A526FCD1B80ACCE0092BA60 /* crypto_uint32.h in Headers */ = {isa = PBXBuildFile; fileRef = 3A526F971B80ACCE0092BA60 /* crypto_uint32.h */; settings = {ATTRIBUTES = (Public, ); }; };
		3A526FCE1B80ACCE0092BA60 /* crypto_uint64.h in Headers */ = {isa = PBXBuildFile; fileRef = 3A526F981B80ACCE0092BA60 /* crypto_uint64.h */; settings = {ATTRIBUTES = (Public, ); }; };
		3A526FCF1B80ACCE0092BA60 /* crypto_verify_16.h in Headers */ = {isa = PBXBuildFile; fileRef = 3A526F991B80ACCE0092BA60 /* crypto_verify_16.h */; settings = {ATTRIBUTES = (Public, ); }; };
		3A526FD01B80ACCE0092BA60 /* crypto_verify_32.h in Headers */ = {isa = PBXBuildFile; fileRef = 3A526F9A1B80ACCE0092BA60 /* crypto_verify_32.h */; settings = {ATTRIBUTES = (Public, ); }; };
		3A526FD11B80ACCE0092BA60 /* crypto_verify_64.h in Headers */ = {isa = PBXBuildFile; fileRef = 3A526F9B1B80ACCE0092BA60 /* crypto_verify_64.h */; settings = {ATTRIBUTES = (Public, ); }; };
		3A526FD21B80ACCE0092BA60 /* export.h in Headers */ = {isa = PBXBuildFile; fileRef = 3A526F9C1B80ACCE0092BA60 /* export.h */; settings = {ATTRIBUTES = (Public, ); }; };
		3A526FD31B80ACCE0092BA60 /* randombytes_salsa20_random.h in Headers */ = {isa = PBXBuildFile; fileRef = 3A526F9D1B80ACCE0092BA60 /* randombytes_salsa20_random.h */; settings = {ATTRIBUTES = (Public, ); }; };
		3A526FD41B80ACCE0092BA60 /* randombytes_sysrandom.h in Headers */ = {isa = PBXBuildFile; fileRef = 3A526F9E1B80ACCE0092BA60 /* randombytes_sysrandom.h */; settings = {ATTRIBUTES = (Public, ); }; };
		3A526FD51B80ACCE0092BA60 /* randombytes.h in Headers */ = {isa = PBXBuildFile; fileRef = 3A526F9F1B80ACCE0092BA60 /* randombytes.h */; settings = {ATTRIBUTES = (Public, ); }; };
		3A526FD61B80ACCE0092BA60 /* runtime.h in Headers */ = {isa = PBXBuildFile; fileRef = 3A526FA01B80ACCE0092BA60 /* runtime.h */; settings = {ATTRIBUTES = (Public, ); }; };
		3A526FD71B80ACCE0092BA60 /* sodium.h in Headers */ = {isa = PBXBuildFile; fileRef = 3A526FA11B80ACCE0092BA60 /* sodium.h */; settings = {ATTRIBUTES = (Public, ); }; };
		3A526FD81B80ACCE0092BA60 /* utils.h in Headers */ = {isa = PBXBuildFile; fileRef = 3A526FA21B80ACCE0092BA60 /* utils.h */; settings = {ATTRIBUTES = (Public, ); }; };
		3A526FD91B80ACCE0092BA60 /* version.h in Headers */ = {isa = PBXBuildFile; fileRef = 3A526FA31B80ACCE0092BA60 /* version.h */; settings = {ATTRIBUTES = (Public, ); }; };
		3A526FDA1B80ACCE0092BA60 /* version.h.in in Resources */ = {isa = PBXBuildFile; fileRef = 3A526FA41B80ACCE0092BA60 /* version.h.in */; };
		3A526FDC1B80ACEB0092BA60 /* libsodium.a in Frameworks */ = {isa = PBXBuildFile; fileRef = 3A526FDB1B80ACEB0092BA60 /* libsodium.a */; };
		3A526FDF1B80AD4F0092BA60 /* CryptoSecretBoxTests.swift in Sources */ = {isa = PBXBuildFile; fileRef = 3A526FDD1B80AD4F0092BA60 /* CryptoSecretBoxTests.swift */; };
		3A526FE01B80AD4F0092BA60 /* KeyTests.swift in Sources */ = {isa = PBXBuildFile; fileRef = 3A526FDE1B80AD4F0092BA60 /* KeyTests.swift */; };
		3A526FE31B80B4E90092BA60 /* LICENSE in Resources */ = {isa = PBXBuildFile; fileRef = 3A526FE21B80B4E90092BA60 /* LICENSE */; };
		3AAAC7AE1B80AB40009431FC /* NaOH.h in Headers */ = {isa = PBXBuildFile; fileRef = 3AAAC7AD1B80AB40009431FC /* NaOH.h */; settings = {ATTRIBUTES = (Public, ); }; };
		3AAAC7B51B80AB40009431FC /* NaOH.framework in Frameworks */ = {isa = PBXBuildFile; fileRef = 3AAAC7AA1B80AB40009431FC /* NaOH.framework */; };
/* End PBXBuildFile section */

/* Begin PBXContainerItemProxy section */
		3AAAC7B61B80AB40009431FC /* PBXContainerItemProxy */ = {
			isa = PBXContainerItemProxy;
			containerPortal = 3AAAC7A11B80AB40009431FC /* Project object */;
			proxyType = 1;
			remoteGlobalIDString = 3AAAC7A91B80AB40009431FC;
			remoteInfo = NaOH;
		};
/* End PBXContainerItemProxy section */

/* Begin PBXFileReference section */
		3A1922011B8107330092C6B1 /* Key+File.swift */ = {isa = PBXFileReference; fileEncoding = 4; lastKnownFileType = sourcecode.swift; path = "Key+File.swift"; sourceTree = "<group>"; };
		3A1922031B810A7B0092C6B1 /* KeyFileTests.swift */ = {isa = PBXFileReference; fileEncoding = 4; lastKnownFileType = sourcecode.swift; path = KeyFileTests.swift; sourceTree = "<group>"; };
		3A1922051B810D390092C6B1 /* PublicKey.swift */ = {isa = PBXFileReference; fileEncoding = 4; lastKnownFileType = sourcecode.swift; path = PublicKey.swift; sourceTree = "<group>"; };
		3A1922071B8110660092C6B1 /* crypto_box.swift */ = {isa = PBXFileReference; fileEncoding = 4; lastKnownFileType = sourcecode.swift; path = crypto_box.swift; sourceTree = "<group>"; };
		3A1922091B8112170092C6B1 /* CryptoBoxTests.swift */ = {isa = PBXFileReference; fileEncoding = 4; lastKnownFileType = sourcecode.swift; path = CryptoBoxTests.swift; sourceTree = "<group>"; };
		3A19220B1B8112A30092C6B1 /* alice.key */ = {isa = PBXFileReference; fileEncoding = 4; lastKnownFileType = text; path = alice.key; sourceTree = "<group>"; };
		3A19220D1B8118140092C6B1 /* bob.key */ = {isa = PBXFileReference; fileEncoding = 4; lastKnownFileType = text; path = bob.key; sourceTree = "<group>"; };
		3A1922121B811DD50092C6B1 /* Key+Zeroing.swift */ = {isa = PBXFileReference; fileEncoding = 4; lastKnownFileType = sourcecode.swift; path = "Key+Zeroing.swift"; sourceTree = "<group>"; };
		3A526F681B80AC130092BA60 /* SwiftAPI.swift */ = {isa = PBXFileReference; fileEncoding = 4; lastKnownFileType = sourcecode.swift; path = SwiftAPI.swift; sourceTree = "<group>"; };
		3A526F691B80AC130092BA60 /* Key.swift */ = {isa = PBXFileReference; fileEncoding = 4; lastKnownFileType = sourcecode.swift; path = Key.swift; sourceTree = "<group>"; };
		3A526F6A1B80AC130092BA60 /* crypto_secretbox.swift */ = {isa = PBXFileReference; fileEncoding = 4; lastKnownFileType = sourcecode.swift; path = crypto_secretbox.swift; sourceTree = "<group>"; };
		3A526F6F1B80ACCE0092BA60 /* core.h */ = {isa = PBXFileReference; fileEncoding = 4; lastKnownFileType = sourcecode.c.h; path = core.h; sourceTree = "<group>"; };
		3A526F701B80ACCE0092BA60 /* crypto_aead_chacha20poly1305.h */ = {isa = PBXFileReference; fileEncoding = 4; lastKnownFileType = sourcecode.c.h; path = crypto_aead_chacha20poly1305.h; sourceTree = "<group>"; };
		3A526F711B80ACCE0092BA60 /* crypto_auth_hmacsha256.h */ = {isa = PBXFileReference; fileEncoding = 4; lastKnownFileType = sourcecode.c.h; path = crypto_auth_hmacsha256.h; sourceTree = "<group>"; };
		3A526F721B80ACCE0092BA60 /* crypto_auth_hmacsha512.h */ = {isa = PBXFileReference; fileEncoding = 4; lastKnownFileType = sourcecode.c.h; path = crypto_auth_hmacsha512.h; sourceTree = "<group>"; };
		3A526F731B80ACCE0092BA60 /* crypto_auth_hmacsha512256.h */ = {isa = PBXFileReference; fileEncoding = 4; lastKnownFileType = sourcecode.c.h; path = crypto_auth_hmacsha512256.h; sourceTree = "<group>"; };
		3A526F741B80ACCE0092BA60 /* crypto_auth.h */ = {isa = PBXFileReference; fileEncoding = 4; lastKnownFileType = sourcecode.c.h; path = crypto_auth.h; sourceTree = "<group>"; };
		3A526F751B80ACCE0092BA60 /* crypto_box_curve25519xsalsa20poly1305.h */ = {isa = PBXFileReference; fileEncoding = 4; lastKnownFileType = sourcecode.c.h; path = crypto_box_curve25519xsalsa20poly1305.h; sourceTree = "<group>"; };
		3A526F761B80ACCE0092BA60 /* crypto_box.h */ = {isa = PBXFileReference; fileEncoding = 4; lastKnownFileType = sourcecode.c.h; path = crypto_box.h; sourceTree = "<group>"; };
		3A526F771B80ACCE0092BA60 /* crypto_core_hsalsa20.h */ = {isa = PBXFileReference; fileEncoding = 4; lastKnownFileType = sourcecode.c.h; path = crypto_core_hsalsa20.h; sourceTree = "<group>"; };
		3A526F781B80ACCE0092BA60 /* crypto_core_salsa20.h */ = {isa = PBXFileReference; fileEncoding = 4; lastKnownFileType = sourcecode.c.h; path = crypto_core_salsa20.h; sourceTree = "<group>"; };
		3A526F791B80ACCE0092BA60 /* crypto_core_salsa208.h */ = {isa = PBXFileReference; fileEncoding = 4; lastKnownFileType = sourcecode.c.h; path = crypto_core_salsa208.h; sourceTree = "<group>"; };
		3A526F7A1B80ACCE0092BA60 /* crypto_core_salsa2012.h */ = {isa = PBXFileReference; fileEncoding = 4; lastKnownFileType = sourcecode.c.h; path = crypto_core_salsa2012.h; sourceTree = "<group>"; };
		3A526F7B1B80ACCE0092BA60 /* crypto_generichash_blake2b.h */ = {isa = PBXFileReference; fileEncoding = 4; lastKnownFileType = sourcecode.c.h; path = crypto_generichash_blake2b.h; sourceTree = "<group>"; };
		3A526F7C1B80ACCE0092BA60 /* crypto_generichash.h */ = {isa = PBXFileReference; fileEncoding = 4; lastKnownFileType = sourcecode.c.h; path = crypto_generichash.h; sourceTree = "<group>"; };
		3A526F7D1B80ACCE0092BA60 /* crypto_hash_sha256.h */ = {isa = PBXFileReference; fileEncoding = 4; lastKnownFileType = sourcecode.c.h; path = crypto_hash_sha256.h; sourceTree = "<group>"; };
		3A526F7E1B80ACCE0092BA60 /* crypto_hash_sha512.h */ = {isa = PBXFileReference; fileEncoding = 4; lastKnownFileType = sourcecode.c.h; path = crypto_hash_sha512.h; sourceTree = "<group>"; };
		3A526F7F1B80ACCE0092BA60 /* crypto_hash.h */ = {isa = PBXFileReference; fileEncoding = 4; lastKnownFileType = sourcecode.c.h; path = crypto_hash.h; sourceTree = "<group>"; };
		3A526F801B80ACCE0092BA60 /* crypto_int32.h */ = {isa = PBXFileReference; fileEncoding = 4; lastKnownFileType = sourcecode.c.h; path = crypto_int32.h; sourceTree = "<group>"; };
		3A526F811B80ACCE0092BA60 /* crypto_int64.h */ = {isa = PBXFileReference; fileEncoding = 4; lastKnownFileType = sourcecode.c.h; path = crypto_int64.h; sourceTree = "<group>"; };
		3A526F821B80ACCE0092BA60 /* crypto_onetimeauth_poly1305.h */ = {isa = PBXFileReference; fileEncoding = 4; lastKnownFileType = sourcecode.c.h; path = crypto_onetimeauth_poly1305.h; sourceTree = "<group>"; };
		3A526F831B80ACCE0092BA60 /* crypto_onetimeauth.h */ = {isa = PBXFileReference; fileEncoding = 4; lastKnownFileType = sourcecode.c.h; path = crypto_onetimeauth.h; sourceTree = "<group>"; };
		3A526F841B80ACCE0092BA60 /* crypto_pwhash_scryptsalsa208sha256.h */ = {isa = PBXFileReference; fileEncoding = 4; lastKnownFileType = sourcecode.c.h; path = crypto_pwhash_scryptsalsa208sha256.h; sourceTree = "<group>"; };
		3A526F851B80ACCE0092BA60 /* crypto_scalarmult_curve25519.h */ = {isa = PBXFileReference; fileEncoding = 4; lastKnownFileType = sourcecode.c.h; path = crypto_scalarmult_curve25519.h; sourceTree = "<group>"; };
		3A526F861B80ACCE0092BA60 /* crypto_scalarmult.h */ = {isa = PBXFileReference; fileEncoding = 4; lastKnownFileType = sourcecode.c.h; path = crypto_scalarmult.h; sourceTree = "<group>"; };
		3A526F871B80ACCE0092BA60 /* crypto_secretbox_xsalsa20poly1305.h */ = {isa = PBXFileReference; fileEncoding = 4; lastKnownFileType = sourcecode.c.h; path = crypto_secretbox_xsalsa20poly1305.h; sourceTree = "<group>"; };
		3A526F881B80ACCE0092BA60 /* crypto_secretbox.h */ = {isa = PBXFileReference; fileEncoding = 4; lastKnownFileType = sourcecode.c.h; path = crypto_secretbox.h; sourceTree = "<group>"; };
		3A526F891B80ACCE0092BA60 /* crypto_shorthash_siphash24.h */ = {isa = PBXFileReference; fileEncoding = 4; lastKnownFileType = sourcecode.c.h; path = crypto_shorthash_siphash24.h; sourceTree = "<group>"; };
		3A526F8A1B80ACCE0092BA60 /* crypto_shorthash.h */ = {isa = PBXFileReference; fileEncoding = 4; lastKnownFileType = sourcecode.c.h; path = crypto_shorthash.h; sourceTree = "<group>"; };
		3A526F8B1B80ACCE0092BA60 /* crypto_sign_ed25519.h */ = {isa = PBXFileReference; fileEncoding = 4; lastKnownFileType = sourcecode.c.h; path = crypto_sign_ed25519.h; sourceTree = "<group>"; };
		3A526F8C1B80ACCE0092BA60 /* crypto_sign_edwards25519sha512batch.h */ = {isa = PBXFileReference; fileEncoding = 4; lastKnownFileType = sourcecode.c.h; path = crypto_sign_edwards25519sha512batch.h; sourceTree = "<group>"; };
		3A526F8D1B80ACCE0092BA60 /* crypto_sign.h */ = {isa = PBXFileReference; fileEncoding = 4; lastKnownFileType = sourcecode.c.h; path = crypto_sign.h; sourceTree = "<group>"; };
		3A526F8E1B80ACCE0092BA60 /* crypto_stream_aes128ctr.h */ = {isa = PBXFileReference; fileEncoding = 4; lastKnownFileType = sourcecode.c.h; path = crypto_stream_aes128ctr.h; sourceTree = "<group>"; };
		3A526F8F1B80ACCE0092BA60 /* crypto_stream_chacha20.h */ = {isa = PBXFileReference; fileEncoding = 4; lastKnownFileType = sourcecode.c.h; path = crypto_stream_chacha20.h; sourceTree = "<group>"; };
		3A526F901B80ACCE0092BA60 /* crypto_stream_salsa20.h */ = {isa = PBXFileReference; fileEncoding = 4; lastKnownFileType = sourcecode.c.h; path = crypto_stream_salsa20.h; sourceTree = "<group>"; };
		3A526F911B80ACCE0092BA60 /* crypto_stream_salsa208.h */ = {isa = PBXFileReference; fileEncoding = 4; lastKnownFileType = sourcecode.c.h; path = crypto_stream_salsa208.h; sourceTree = "<group>"; };
		3A526F921B80ACCE0092BA60 /* crypto_stream_salsa2012.h */ = {isa = PBXFileReference; fileEncoding = 4; lastKnownFileType = sourcecode.c.h; path = crypto_stream_salsa2012.h; sourceTree = "<group>"; };
		3A526F931B80ACCE0092BA60 /* crypto_stream_xsalsa20.h */ = {isa = PBXFileReference; fileEncoding = 4; lastKnownFileType = sourcecode.c.h; path = crypto_stream_xsalsa20.h; sourceTree = "<group>"; };
		3A526F941B80ACCE0092BA60 /* crypto_stream.h */ = {isa = PBXFileReference; fileEncoding = 4; lastKnownFileType = sourcecode.c.h; path = crypto_stream.h; sourceTree = "<group>"; };
		3A526F951B80ACCE0092BA60 /* crypto_uint8.h */ = {isa = PBXFileReference; fileEncoding = 4; lastKnownFileType = sourcecode.c.h; path = crypto_uint8.h; sourceTree = "<group>"; };
		3A526F961B80ACCE0092BA60 /* crypto_uint16.h */ = {isa = PBXFileReference; fileEncoding = 4; lastKnownFileType = sourcecode.c.h; path = crypto_uint16.h; sourceTree = "<group>"; };
		3A526F971B80ACCE0092BA60 /* crypto_uint32.h */ = {isa = PBXFileReference; fileEncoding = 4; lastKnownFileType = sourcecode.c.h; path = crypto_uint32.h; sourceTree = "<group>"; };
		3A526F981B80ACCE0092BA60 /* crypto_uint64.h */ = {isa = PBXFileReference; fileEncoding = 4; lastKnownFileType = sourcecode.c.h; path = crypto_uint64.h; sourceTree = "<group>"; };
		3A526F991B80ACCE0092BA60 /* crypto_verify_16.h */ = {isa = PBXFileReference; fileEncoding = 4; lastKnownFileType = sourcecode.c.h; path = crypto_verify_16.h; sourceTree = "<group>"; };
		3A526F9A1B80ACCE0092BA60 /* crypto_verify_32.h */ = {isa = PBXFileReference; fileEncoding = 4; lastKnownFileType = sourcecode.c.h; path = crypto_verify_32.h; sourceTree = "<group>"; };
		3A526F9B1B80ACCE0092BA60 /* crypto_verify_64.h */ = {isa = PBXFileReference; fileEncoding = 4; lastKnownFileType = sourcecode.c.h; path = crypto_verify_64.h; sourceTree = "<group>"; };
		3A526F9C1B80ACCE0092BA60 /* export.h */ = {isa = PBXFileReference; fileEncoding = 4; lastKnownFileType = sourcecode.c.h; path = export.h; sourceTree = "<group>"; };
		3A526F9D1B80ACCE0092BA60 /* randombytes_salsa20_random.h */ = {isa = PBXFileReference; fileEncoding = 4; lastKnownFileType = sourcecode.c.h; path = randombytes_salsa20_random.h; sourceTree = "<group>"; };
		3A526F9E1B80ACCE0092BA60 /* randombytes_sysrandom.h */ = {isa = PBXFileReference; fileEncoding = 4; lastKnownFileType = sourcecode.c.h; path = randombytes_sysrandom.h; sourceTree = "<group>"; };
		3A526F9F1B80ACCE0092BA60 /* randombytes.h */ = {isa = PBXFileReference; fileEncoding = 4; lastKnownFileType = sourcecode.c.h; path = randombytes.h; sourceTree = "<group>"; };
		3A526FA01B80ACCE0092BA60 /* runtime.h */ = {isa = PBXFileReference; fileEncoding = 4; lastKnownFileType = sourcecode.c.h; path = runtime.h; sourceTree = "<group>"; };
		3A526FA11B80ACCE0092BA60 /* sodium.h */ = {isa = PBXFileReference; fileEncoding = 4; lastKnownFileType = sourcecode.c.h; path = sodium.h; sourceTree = "<group>"; };
		3A526FA21B80ACCE0092BA60 /* utils.h */ = {isa = PBXFileReference; fileEncoding = 4; lastKnownFileType = sourcecode.c.h; path = utils.h; sourceTree = "<group>"; };
		3A526FA31B80ACCE0092BA60 /* version.h */ = {isa = PBXFileReference; fileEncoding = 4; lastKnownFileType = sourcecode.c.h; path = version.h; sourceTree = "<group>"; };
		3A526FA41B80ACCE0092BA60 /* version.h.in */ = {isa = PBXFileReference; fileEncoding = 4; lastKnownFileType = text; path = version.h.in; sourceTree = "<group>"; };
		3A526FDB1B80ACEB0092BA60 /* libsodium.a */ = {isa = PBXFileReference; lastKnownFileType = archive.ar; path = libsodium.a; sourceTree = "<group>"; };
		3A526FDD1B80AD4F0092BA60 /* CryptoSecretBoxTests.swift */ = {isa = PBXFileReference; fileEncoding = 4; lastKnownFileType = sourcecode.swift; path = CryptoSecretBoxTests.swift; sourceTree = "<group>"; };
		3A526FDE1B80AD4F0092BA60 /* KeyTests.swift */ = {isa = PBXFileReference; fileEncoding = 4; lastKnownFileType = sourcecode.swift; path = KeyTests.swift; sourceTree = "<group>"; };
		3A526FE21B80B4E90092BA60 /* LICENSE */ = {isa = PBXFileReference; fileEncoding = 4; lastKnownFileType = text; path = LICENSE; sourceTree = "<group>"; };
		3AAAC7AA1B80AB40009431FC /* NaOH.framework */ = {isa = PBXFileReference; explicitFileType = wrapper.framework; includeInIndex = 0; path = NaOH.framework; sourceTree = BUILT_PRODUCTS_DIR; };
		3AAAC7AD1B80AB40009431FC /* NaOH.h */ = {isa = PBXFileReference; lastKnownFileType = sourcecode.c.h; path = NaOH.h; sourceTree = "<group>"; };
		3AAAC7AF1B80AB40009431FC /* Info.plist */ = {isa = PBXFileReference; lastKnownFileType = text.plist.xml; path = Info.plist; sourceTree = "<group>"; };
		3AAAC7B41B80AB40009431FC /* NaOHTests.xctest */ = {isa = PBXFileReference; explicitFileType = wrapper.cfbundle; includeInIndex = 0; path = NaOHTests.xctest; sourceTree = BUILT_PRODUCTS_DIR; };
		3AAAC7BB1B80AB40009431FC /* Info.plist */ = {isa = PBXFileReference; lastKnownFileType = text.plist.xml; path = Info.plist; sourceTree = "<group>"; };
/* End PBXFileReference section */

/* Begin PBXFrameworksBuildPhase section */
		3AAAC7A61B80AB40009431FC /* Frameworks */ = {
			isa = PBXFrameworksBuildPhase;
			buildActionMask = 2147483647;
			files = (
				3A526FDC1B80ACEB0092BA60 /* libsodium.a in Frameworks */,
			);
			runOnlyForDeploymentPostprocessing = 0;
		};
		3AAAC7B11B80AB40009431FC /* Frameworks */ = {
			isa = PBXFrameworksBuildPhase;
			buildActionMask = 2147483647;
			files = (
				3AAAC7B51B80AB40009431FC /* NaOH.framework in Frameworks */,
			);
			runOnlyForDeploymentPostprocessing = 0;
		};
/* End PBXFrameworksBuildPhase section */

/* Begin PBXGroup section */
		3AAAC7A01B80AB40009431FC = {
			isa = PBXGroup;
			children = (
				3A526FE21B80B4E90092BA60 /* LICENSE */,
				3AAAC7AC1B80AB40009431FC /* NaOH */,
				3AAAC7B81B80AB40009431FC /* NaOHTests */,
				3AAAC7AB1B80AB40009431FC /* Products */,
			);
			sourceTree = "<group>";
		};
		3AAAC7AB1B80AB40009431FC /* Products */ = {
			isa = PBXGroup;
			children = (
				3AAAC7AA1B80AB40009431FC /* NaOH.framework */,
				3AAAC7B41B80AB40009431FC /* NaOHTests.xctest */,
			);
			name = Products;
			sourceTree = "<group>";
		};
		3AAAC7AC1B80AB40009431FC /* NaOH */ = {
			isa = PBXGroup;
			children = (
				3A526F681B80AC130092BA60 /* SwiftAPI.swift */,
				3A526F691B80AC130092BA60 /* Key.swift */,
				3A526F6A1B80AC130092BA60 /* crypto_secretbox.swift */,
				3AAAC7C41B80AB98009431FC /* libsodium */,
				3AAAC7AD1B80AB40009431FC /* NaOH.h */,
				3AAAC7AF1B80AB40009431FC /* Info.plist */,
				3A1922011B8107330092C6B1 /* Key+File.swift */,
				3A1922051B810D390092C6B1 /* PublicKey.swift */,
				3A1922071B8110660092C6B1 /* crypto_box.swift */,
				3A1922121B811DD50092C6B1 /* Key+Zeroing.swift */,
			);
			path = NaOH;
			sourceTree = "<group>";
		};
		3AAAC7B81B80AB40009431FC /* NaOHTests */ = {
			isa = PBXGroup;
			children = (
				3A19220D1B8118140092C6B1 /* bob.key */,
				3A19220B1B8112A30092C6B1 /* alice.key */,
				3A526FDD1B80AD4F0092BA60 /* CryptoSecretBoxTests.swift */,
				3A526FDE1B80AD4F0092BA60 /* KeyTests.swift */,
				3AAAC7BB1B80AB40009431FC /* Info.plist */,
				3A1922031B810A7B0092C6B1 /* KeyFileTests.swift */,
				3A1922091B8112170092C6B1 /* CryptoBoxTests.swift */,
			);
			path = NaOHTests;
			sourceTree = "<group>";
		};
		3AAAC7C41B80AB98009431FC /* libsodium */ = {
			isa = PBXGroup;
			children = (
				3A526FDB1B80ACEB0092BA60 /* libsodium.a */,
				3AAAC7FC1B80ABA4009431FC /* sodium */,
			);
			path = libsodium;
			sourceTree = "<group>";
		};
		3AAAC7FC1B80ABA4009431FC /* sodium */ = {
			isa = PBXGroup;
			children = (
				3A526F6F1B80ACCE0092BA60 /* core.h */,
				3A526F701B80ACCE0092BA60 /* crypto_aead_chacha20poly1305.h */,
				3A526F711B80ACCE0092BA60 /* crypto_auth_hmacsha256.h */,
				3A526F721B80ACCE0092BA60 /* crypto_auth_hmacsha512.h */,
				3A526F731B80ACCE0092BA60 /* crypto_auth_hmacsha512256.h */,
				3A526F741B80ACCE0092BA60 /* crypto_auth.h */,
				3A526F751B80ACCE0092BA60 /* crypto_box_curve25519xsalsa20poly1305.h */,
				3A526F761B80ACCE0092BA60 /* crypto_box.h */,
				3A526F771B80ACCE0092BA60 /* crypto_core_hsalsa20.h */,
				3A526F781B80ACCE0092BA60 /* crypto_core_salsa20.h */,
				3A526F791B80ACCE0092BA60 /* crypto_core_salsa208.h */,
				3A526F7A1B80ACCE0092BA60 /* crypto_core_salsa2012.h */,
				3A526F7B1B80ACCE0092BA60 /* crypto_generichash_blake2b.h */,
				3A526F7C1B80ACCE0092BA60 /* crypto_generichash.h */,
				3A526F7D1B80ACCE0092BA60 /* crypto_hash_sha256.h */,
				3A526F7E1B80ACCE0092BA60 /* crypto_hash_sha512.h */,
				3A526F7F1B80ACCE0092BA60 /* crypto_hash.h */,
				3A526F801B80ACCE0092BA60 /* crypto_int32.h */,
				3A526F811B80ACCE0092BA60 /* crypto_int64.h */,
				3A526F821B80ACCE0092BA60 /* crypto_onetimeauth_poly1305.h */,
				3A526F831B80ACCE0092BA60 /* crypto_onetimeauth.h */,
				3A526F841B80ACCE0092BA60 /* crypto_pwhash_scryptsalsa208sha256.h */,
				3A526F851B80ACCE0092BA60 /* crypto_scalarmult_curve25519.h */,
				3A526F861B80ACCE0092BA60 /* crypto_scalarmult.h */,
				3A526F871B80ACCE0092BA60 /* crypto_secretbox_xsalsa20poly1305.h */,
				3A526F881B80ACCE0092BA60 /* crypto_secretbox.h */,
				3A526F891B80ACCE0092BA60 /* crypto_shorthash_siphash24.h */,
				3A526F8A1B80ACCE0092BA60 /* crypto_shorthash.h */,
				3A526F8B1B80ACCE0092BA60 /* crypto_sign_ed25519.h */,
				3A526F8C1B80ACCE0092BA60 /* crypto_sign_edwards25519sha512batch.h */,
				3A526F8D1B80ACCE0092BA60 /* crypto_sign.h */,
				3A526F8E1B80ACCE0092BA60 /* crypto_stream_aes128ctr.h */,
				3A526F8F1B80ACCE0092BA60 /* crypto_stream_chacha20.h */,
				3A526F901B80ACCE0092BA60 /* crypto_stream_salsa20.h */,
				3A526F911B80ACCE0092BA60 /* crypto_stream_salsa208.h */,
				3A526F921B80ACCE0092BA60 /* crypto_stream_salsa2012.h */,
				3A526F931B80ACCE0092BA60 /* crypto_stream_xsalsa20.h */,
				3A526F941B80ACCE0092BA60 /* crypto_stream.h */,
				3A526F951B80ACCE0092BA60 /* crypto_uint8.h */,
				3A526F961B80ACCE0092BA60 /* crypto_uint16.h */,
				3A526F971B80ACCE0092BA60 /* crypto_uint32.h */,
				3A526F981B80ACCE0092BA60 /* crypto_uint64.h */,
				3A526F991B80ACCE0092BA60 /* crypto_verify_16.h */,
				3A526F9A1B80ACCE0092BA60 /* crypto_verify_32.h */,
				3A526F9B1B80ACCE0092BA60 /* crypto_verify_64.h */,
				3A526F9C1B80ACCE0092BA60 /* export.h */,
				3A526F9D1B80ACCE0092BA60 /* randombytes_salsa20_random.h */,
				3A526F9E1B80ACCE0092BA60 /* randombytes_sysrandom.h */,
				3A526F9F1B80ACCE0092BA60 /* randombytes.h */,
				3A526FA01B80ACCE0092BA60 /* runtime.h */,
				3A526FA11B80ACCE0092BA60 /* sodium.h */,
				3A526FA21B80ACCE0092BA60 /* utils.h */,
				3A526FA31B80ACCE0092BA60 /* version.h */,
				3A526FA41B80ACCE0092BA60 /* version.h.in */,
			);
			path = sodium;
			sourceTree = "<group>";
		};
/* End PBXGroup section */

/* Begin PBXHeadersBuildPhase section */
		3AAAC7A71B80AB40009431FC /* Headers */ = {
			isa = PBXHeadersBuildPhase;
			buildActionMask = 2147483647;
			files = (
				3A526FD81B80ACCE0092BA60 /* utils.h in Headers */,
				3A526FB61B80ACCE0092BA60 /* crypto_int32.h in Headers */,
				3A526FA51B80ACCE0092BA60 /* core.h in Headers */,
				3A526FD71B80ACCE0092BA60 /* sodium.h in Headers */,
				3A526FAF1B80ACCE0092BA60 /* crypto_core_salsa208.h in Headers */,
				3A526FBE1B80ACCE0092BA60 /* crypto_secretbox.h in Headers */,
				3A526FCC1B80ACCE0092BA60 /* crypto_uint16.h in Headers */,
				3A526FBC1B80ACCE0092BA60 /* crypto_scalarmult.h in Headers */,
				3A526FC41B80ACCE0092BA60 /* crypto_stream_aes128ctr.h in Headers */,
				3A526FD61B80ACCE0092BA60 /* runtime.h in Headers */,
				3A526FD11B80ACCE0092BA60 /* crypto_verify_64.h in Headers */,
				3A526FAE1B80ACCE0092BA60 /* crypto_core_salsa20.h in Headers */,
				3A526FA71B80ACCE0092BA60 /* crypto_auth_hmacsha256.h in Headers */,
				3A526FCB1B80ACCE0092BA60 /* crypto_uint8.h in Headers */,
				3A526FA81B80ACCE0092BA60 /* crypto_auth_hmacsha512.h in Headers */,
				3A526FD01B80ACCE0092BA60 /* crypto_verify_32.h in Headers */,
				3A526FBB1B80ACCE0092BA60 /* crypto_scalarmult_curve25519.h in Headers */,
				3A526FB41B80ACCE0092BA60 /* crypto_hash_sha512.h in Headers */,
				3A526FAD1B80ACCE0092BA60 /* crypto_core_hsalsa20.h in Headers */,
				3A526FD21B80ACCE0092BA60 /* export.h in Headers */,
				3A526FCD1B80ACCE0092BA60 /* crypto_uint32.h in Headers */,
				3A526FBA1B80ACCE0092BA60 /* crypto_pwhash_scryptsalsa208sha256.h in Headers */,
				3A526FD31B80ACCE0092BA60 /* randombytes_salsa20_random.h in Headers */,
				3A526FC31B80ACCE0092BA60 /* crypto_sign.h in Headers */,
				3A526FC01B80ACCE0092BA60 /* crypto_shorthash.h in Headers */,
				3A526FCF1B80ACCE0092BA60 /* crypto_verify_16.h in Headers */,
				3A526FC81B80ACCE0092BA60 /* crypto_stream_salsa2012.h in Headers */,
				3A526FC71B80ACCE0092BA60 /* crypto_stream_salsa208.h in Headers */,
				3A526FB11B80ACCE0092BA60 /* crypto_generichash_blake2b.h in Headers */,
				3A526FAB1B80ACCE0092BA60 /* crypto_box_curve25519xsalsa20poly1305.h in Headers */,
				3A526FA61B80ACCE0092BA60 /* crypto_aead_chacha20poly1305.h in Headers */,
				3A526FBD1B80ACCE0092BA60 /* crypto_secretbox_xsalsa20poly1305.h in Headers */,
				3A526FC21B80ACCE0092BA60 /* crypto_sign_edwards25519sha512batch.h in Headers */,
				3AAAC7AE1B80AB40009431FC /* NaOH.h in Headers */,
				3A526FAA1B80ACCE0092BA60 /* crypto_auth.h in Headers */,
				3A526FD41B80ACCE0092BA60 /* randombytes_sysrandom.h in Headers */,
				3A526FC61B80ACCE0092BA60 /* crypto_stream_salsa20.h in Headers */,
				3A526FCA1B80ACCE0092BA60 /* crypto_stream.h in Headers */,
				3A526FB31B80ACCE0092BA60 /* crypto_hash_sha256.h in Headers */,
				3A526FB91B80ACCE0092BA60 /* crypto_onetimeauth.h in Headers */,
				3A526FB21B80ACCE0092BA60 /* crypto_generichash.h in Headers */,
				3A526FAC1B80ACCE0092BA60 /* crypto_box.h in Headers */,
				3A526FC11B80ACCE0092BA60 /* crypto_sign_ed25519.h in Headers */,
				3A526FBF1B80ACCE0092BA60 /* crypto_shorthash_siphash24.h in Headers */,
				3A526FD51B80ACCE0092BA60 /* randombytes.h in Headers */,
				3A526FB01B80ACCE0092BA60 /* crypto_core_salsa2012.h in Headers */,
				3A526FB81B80ACCE0092BA60 /* crypto_onetimeauth_poly1305.h in Headers */,
				3A526FC51B80ACCE0092BA60 /* crypto_stream_chacha20.h in Headers */,
				3A526FCE1B80ACCE0092BA60 /* crypto_uint64.h in Headers */,
				3A526FD91B80ACCE0092BA60 /* version.h in Headers */,
				3A526FA91B80ACCE0092BA60 /* crypto_auth_hmacsha512256.h in Headers */,
				3A526FB71B80ACCE0092BA60 /* crypto_int64.h in Headers */,
				3A526FC91B80ACCE0092BA60 /* crypto_stream_xsalsa20.h in Headers */,
				3A526FB51B80ACCE0092BA60 /* crypto_hash.h in Headers */,
			);
			runOnlyForDeploymentPostprocessing = 0;
		};
/* End PBXHeadersBuildPhase section */

/* Begin PBXNativeTarget section */
		3AAAC7A91B80AB40009431FC /* NaOH */ = {
			isa = PBXNativeTarget;
			buildConfigurationList = 3AAAC7BE1B80AB40009431FC /* Build configuration list for PBXNativeTarget "NaOH" */;
			buildPhases = (
				3AAAC7A51B80AB40009431FC /* Sources */,
				3AAAC7A61B80AB40009431FC /* Frameworks */,
				3AAAC7A71B80AB40009431FC /* Headers */,
				3AAAC7A81B80AB40009431FC /* Resources */,
				3A526FE11B80B3AA0092BA60 /* ShellScript */,
			);
			buildRules = (
			);
			dependencies = (
			);
			name = NaOH;
			productName = NaOH;
			productReference = 3AAAC7AA1B80AB40009431FC /* NaOH.framework */;
			productType = "com.apple.product-type.framework";
		};
		3AAAC7B31B80AB40009431FC /* NaOHTests */ = {
			isa = PBXNativeTarget;
			buildConfigurationList = 3AAAC7C11B80AB40009431FC /* Build configuration list for PBXNativeTarget "NaOHTests" */;
			buildPhases = (
				3AAAC7B01B80AB40009431FC /* Sources */,
				3AAAC7B11B80AB40009431FC /* Frameworks */,
				3AAAC7B21B80AB40009431FC /* Resources */,
			);
			buildRules = (
			);
			dependencies = (
				3AAAC7B71B80AB40009431FC /* PBXTargetDependency */,
			);
			name = NaOHTests;
			productName = NaOHTests;
			productReference = 3AAAC7B41B80AB40009431FC /* NaOHTests.xctest */;
			productType = "com.apple.product-type.bundle.unit-test";
		};
/* End PBXNativeTarget section */

/* Begin PBXProject section */
		3AAAC7A11B80AB40009431FC /* Project object */ = {
			isa = PBXProject;
			attributes = {
				LastSwiftUpdateCheck = 0700;
				LastUpgradeCheck = 0700;
				ORGANIZATIONNAME = DrewCrawfordApps;
				TargetAttributes = {
					3AAAC7A91B80AB40009431FC = {
						CreatedOnToolsVersion = 7.0;
					};
					3AAAC7B31B80AB40009431FC = {
						CreatedOnToolsVersion = 7.0;
					};
				};
			};
			buildConfigurationList = 3AAAC7A41B80AB40009431FC /* Build configuration list for PBXProject "NaOH" */;
			compatibilityVersion = "Xcode 3.2";
			developmentRegion = English;
			hasScannedForEncodings = 0;
			knownRegions = (
				en,
			);
			mainGroup = 3AAAC7A01B80AB40009431FC;
			productRefGroup = 3AAAC7AB1B80AB40009431FC /* Products */;
			projectDirPath = "";
			projectRoot = "";
			targets = (
				3AAAC7A91B80AB40009431FC /* NaOH */,
				3AAAC7B31B80AB40009431FC /* NaOHTests */,
			);
		};
/* End PBXProject section */

/* Begin PBXResourcesBuildPhase section */
		3AAAC7A81B80AB40009431FC /* Resources */ = {
			isa = PBXResourcesBuildPhase;
			buildActionMask = 2147483647;
			files = (
				3A526FE31B80B4E90092BA60 /* LICENSE in Resources */,
				3A526FDA1B80ACCE0092BA60 /* version.h.in in Resources */,
			);
			runOnlyForDeploymentPostprocessing = 0;
		};
		3AAAC7B21B80AB40009431FC /* Resources */ = {
			isa = PBXResourcesBuildPhase;
			buildActionMask = 2147483647;
			files = (
				3A19220C1B8112A30092C6B1 /* alice.key in Resources */,
				3A19220E1B8118140092C6B1 /* bob.key in Resources */,
			);
			runOnlyForDeploymentPostprocessing = 0;
		};
/* End PBXResourcesBuildPhase section */

/* Begin PBXShellScriptBuildPhase section */
		3A526FE11B80B3AA0092BA60 /* ShellScript */ = {
			isa = PBXShellScriptBuildPhase;
			buildActionMask = 2147483647;
			files = (
			);
			inputPaths = (
			);
			outputPaths = (
			);
			runOnlyForDeploymentPostprocessing = 0;
			shellPath = /usr/bin/python;
			shellScript = "# -*- coding: utf-8 -*-\n#Remove all headers but the listed ones from the Framework header\n# work around 📡22299400\n\nframeworkHeader = \"NaOH.h\"\nkeep = [frameworkHeader,frameworkHeader[:-2]+\"-Swift.h\"]\nimport sys\nimport os\nimport subprocess\nimport re\nimport os.path\nargs = []\nfor arg in keep:\n    args += [\"-not\", \"-name\", arg]\n\nfind = [\"find\",os.environ[\"BUILT_PRODUCTS_DIR\"]+\"/\"+os.environ[\"PUBLIC_HEADERS_FOLDER_PATH\"], \"-type\",\"f\",\"-name\",\"*.h\"] + args\nprint(\"find is\",find)\nfiles = subprocess.check_output(find).split(\"\\n\")\n\nfor file in files:\n    if file.strip() == \"\": continue\n    print(\"removing\",file)\n    os.remove(file)\n\n# strip from master header\nframeworkHeaderPath = os.environ[\"BUILT_PRODUCTS_DIR\"] + \"/\" +  os.environ[\"PUBLIC_HEADERS_FOLDER_PATH\"] + \"/\" + frameworkHeader\nframeworkHeaderContents = \"\"\nwith open(frameworkHeaderPath) as f:\n    frameworkHeaderContents = f.read()\n\nnewHeader = \"\"\nfor line in frameworkHeaderContents.split(\"\\n\"):\n\n    def includeLine():\n        for file in files:\n            file = os.path.basename(file)\n            if file.strip() == \"\": continue\n            search = '#import \"{FILE}\"'.format(FILE=file)\n            if search in line: return False\n        return True\n\nnewHeader += line + \"\\n\" if includeLine() else \"\\n\"\nwith open(frameworkHeaderPath,\"w\") as f:\n    f.write(newHeader)\n\n";
		};
/* End PBXShellScriptBuildPhase section */

/* Begin PBXSourcesBuildPhase section */
		3AAAC7A51B80AB40009431FC /* Sources */ = {
			isa = PBXSourcesBuildPhase;
			buildActionMask = 2147483647;
			files = (
				3A1922131B811DD50092C6B1 /* Key+Zeroing.swift in Sources */,
				3A1922061B810D390092C6B1 /* PublicKey.swift in Sources */,
				3A526F6D1B80AC130092BA60 /* crypto_secretbox.swift in Sources */,
				3A1922081B8110660092C6B1 /* crypto_box.swift in Sources */,
				3A1922021B8107330092C6B1 /* Key+File.swift in Sources */,
				3A526F6B1B80AC130092BA60 /* SwiftAPI.swift in Sources */,
				3A526F6C1B80AC130092BA60 /* Key.swift in Sources */,
			);
			runOnlyForDeploymentPostprocessing = 0;
		};
		3AAAC7B01B80AB40009431FC /* Sources */ = {
			isa = PBXSourcesBuildPhase;
			buildActionMask = 2147483647;
			files = (
				3A19220A1B8112170092C6B1 /* CryptoBoxTests.swift in Sources */,
				3A526FE01B80AD4F0092BA60 /* KeyTests.swift in Sources */,
				3A526FDF1B80AD4F0092BA60 /* CryptoSecretBoxTests.swift in Sources */,
				3A1922041B810A7B0092C6B1 /* KeyFileTests.swift in Sources */,
			);
			runOnlyForDeploymentPostprocessing = 0;
		};
/* End PBXSourcesBuildPhase section */

/* Begin PBXTargetDependency section */
		3AAAC7B71B80AB40009431FC /* PBXTargetDependency */ = {
			isa = PBXTargetDependency;
			target = 3AAAC7A91B80AB40009431FC /* NaOH */;
			targetProxy = 3AAAC7B61B80AB40009431FC /* PBXContainerItemProxy */;
		};
/* End PBXTargetDependency section */

/* Begin XCBuildConfiguration section */
		3AAAC7BC1B80AB40009431FC /* Debug */ = {
			isa = XCBuildConfiguration;
			buildSettings = {
				ALWAYS_SEARCH_USER_PATHS = NO;
				CLANG_CXX_LANGUAGE_STANDARD = "gnu++0x";
				CLANG_CXX_LIBRARY = "libc++";
				CLANG_ENABLE_MODULES = YES;
				CLANG_ENABLE_OBJC_ARC = YES;
				CLANG_WARN_BOOL_CONVERSION = YES;
				CLANG_WARN_CONSTANT_CONVERSION = YES;
				CLANG_WARN_DIRECT_OBJC_ISA_USAGE = YES_ERROR;
				CLANG_WARN_EMPTY_BODY = YES;
				CLANG_WARN_ENUM_CONVERSION = YES;
				CLANG_WARN_INT_CONVERSION = YES;
				CLANG_WARN_OBJC_ROOT_CLASS = YES_ERROR;
				CLANG_WARN_UNREACHABLE_CODE = YES;
				CLANG_WARN__DUPLICATE_METHOD_MATCH = YES;
				COPY_PHASE_STRIP = NO;
				CURRENT_PROJECT_VERSION = 1;
				DEBUG_INFORMATION_FORMAT = dwarf;
				ENABLE_STRICT_OBJC_MSGSEND = YES;
				ENABLE_TESTABILITY = YES;
				GCC_C_LANGUAGE_STANDARD = gnu99;
				GCC_DYNAMIC_NO_PIC = NO;
				GCC_NO_COMMON_BLOCKS = YES;
				GCC_OPTIMIZATION_LEVEL = 0;
				GCC_PREPROCESSOR_DEFINITIONS = (
					"DEBUG=1",
					"$(inherited)",
				);
				GCC_WARN_64_TO_32_BIT_CONVERSION = YES;
				GCC_WARN_ABOUT_RETURN_TYPE = YES_ERROR;
				GCC_WARN_UNDECLARED_SELECTOR = YES;
				GCC_WARN_UNINITIALIZED_AUTOS = YES_AGGRESSIVE;
				GCC_WARN_UNUSED_FUNCTION = YES;
				GCC_WARN_UNUSED_VARIABLE = YES;
				MACOSX_DEPLOYMENT_TARGET = 10.10;
				MTL_ENABLE_DEBUG_INFO = YES;
				ONLY_ACTIVE_ARCH = YES;
				SDKROOT = macosx;
				SWIFT_OPTIMIZATION_LEVEL = "-Onone";
				VERSIONING_SYSTEM = "apple-generic";
				VERSION_INFO_PREFIX = "";
			};
			name = Debug;
		};
		3AAAC7BD1B80AB40009431FC /* Release */ = {
			isa = XCBuildConfiguration;
			buildSettings = {
				ALWAYS_SEARCH_USER_PATHS = NO;
				CLANG_CXX_LANGUAGE_STANDARD = "gnu++0x";
				CLANG_CXX_LIBRARY = "libc++";
				CLANG_ENABLE_MODULES = YES;
				CLANG_ENABLE_OBJC_ARC = YES;
				CLANG_WARN_BOOL_CONVERSION = YES;
				CLANG_WARN_CONSTANT_CONVERSION = YES;
				CLANG_WARN_DIRECT_OBJC_ISA_USAGE = YES_ERROR;
				CLANG_WARN_EMPTY_BODY = YES;
				CLANG_WARN_ENUM_CONVERSION = YES;
				CLANG_WARN_INT_CONVERSION = YES;
				CLANG_WARN_OBJC_ROOT_CLASS = YES_ERROR;
				CLANG_WARN_UNREACHABLE_CODE = YES;
				CLANG_WARN__DUPLICATE_METHOD_MATCH = YES;
				COPY_PHASE_STRIP = NO;
				CURRENT_PROJECT_VERSION = 1;
				DEBUG_INFORMATION_FORMAT = "dwarf-with-dsym";
				ENABLE_NS_ASSERTIONS = NO;
				ENABLE_STRICT_OBJC_MSGSEND = YES;
				GCC_C_LANGUAGE_STANDARD = gnu99;
				GCC_NO_COMMON_BLOCKS = YES;
				GCC_WARN_64_TO_32_BIT_CONVERSION = YES;
				GCC_WARN_ABOUT_RETURN_TYPE = YES_ERROR;
				GCC_WARN_UNDECLARED_SELECTOR = YES;
				GCC_WARN_UNINITIALIZED_AUTOS = YES_AGGRESSIVE;
				GCC_WARN_UNUSED_FUNCTION = YES;
				GCC_WARN_UNUSED_VARIABLE = YES;
				MACOSX_DEPLOYMENT_TARGET = 10.10;
				MTL_ENABLE_DEBUG_INFO = NO;
				SDKROOT = macosx;
				VERSIONING_SYSTEM = "apple-generic";
				VERSION_INFO_PREFIX = "";
			};
			name = Release;
		};
		3AAAC7BF1B80AB40009431FC /* Debug */ = {
			isa = XCBuildConfiguration;
			buildSettings = {
				CLANG_ENABLE_MODULES = YES;
				COMBINE_HIDPI_IMAGES = YES;
				DEFINES_MODULE = YES;
				DYLIB_COMPATIBILITY_VERSION = 1;
				DYLIB_CURRENT_VERSION = 1;
				DYLIB_INSTALL_NAME_BASE = "@rpath";
				FRAMEWORK_VERSION = A;
				INFOPLIST_FILE = NaOH/Info.plist;
				INSTALL_PATH = "$(LOCAL_LIBRARY_DIR)/Frameworks";
				LD_RUNPATH_SEARCH_PATHS = "$(inherited) @executable_path/../Frameworks @loader_path/Frameworks";
				LIBRARY_SEARCH_PATHS = (
					"$(inherited)",
					"$(PROJECT_DIR)/NaOH/libsodium",
				);
				PRODUCT_BUNDLE_IDENTIFIER = com.dca.NaOH;
				PRODUCT_NAME = "$(TARGET_NAME)";
				SKIP_INSTALL = YES;
				SWIFT_OPTIMIZATION_LEVEL = "-Onone";
			};
			name = Debug;
		};
		3AAAC7C01B80AB40009431FC /* Release */ = {
			isa = XCBuildConfiguration;
			buildSettings = {
				CLANG_ENABLE_MODULES = YES;
				COMBINE_HIDPI_IMAGES = YES;
				DEFINES_MODULE = YES;
				DYLIB_COMPATIBILITY_VERSION = 1;
				DYLIB_CURRENT_VERSION = 1;
				DYLIB_INSTALL_NAME_BASE = "@rpath";
				FRAMEWORK_VERSION = A;
				INFOPLIST_FILE = NaOH/Info.plist;
				INSTALL_PATH = "$(LOCAL_LIBRARY_DIR)/Frameworks";
				LD_RUNPATH_SEARCH_PATHS = "$(inherited) @executable_path/../Frameworks @loader_path/Frameworks";
				LIBRARY_SEARCH_PATHS = (
					"$(inherited)",
					"$(PROJECT_DIR)/NaOH/libsodium",
				);
				PRODUCT_BUNDLE_IDENTIFIER = com.dca.NaOH;
				PRODUCT_NAME = "$(TARGET_NAME)";
				SKIP_INSTALL = YES;
				SWIFT_OPTIMIZATION_LEVEL = "-Owholemodule";
			};
			name = Release;
		};
		3AAAC7C21B80AB40009431FC /* Debug */ = {
			isa = XCBuildConfiguration;
			buildSettings = {
				COMBINE_HIDPI_IMAGES = YES;
				INFOPLIST_FILE = NaOHTests/Info.plist;
				LD_RUNPATH_SEARCH_PATHS = "$(inherited) @executable_path/../Frameworks @loader_path/../Frameworks";
				PRODUCT_BUNDLE_IDENTIFIER = com.dca.NaOHTests;
				PRODUCT_NAME = "$(TARGET_NAME)";
			};
			name = Debug;
		};
		3AAAC7C31B80AB40009431FC /* Release */ = {
			isa = XCBuildConfiguration;
			buildSettings = {
				COMBINE_HIDPI_IMAGES = YES;
				INFOPLIST_FILE = NaOHTests/Info.plist;
				LD_RUNPATH_SEARCH_PATHS = "$(inherited) @executable_path/../Frameworks @loader_path/../Frameworks";
				PRODUCT_BUNDLE_IDENTIFIER = com.dca.NaOHTests;
				PRODUCT_NAME = "$(TARGET_NAME)";
			};
			name = Release;
		};
/* End XCBuildConfiguration section */

/* Begin XCConfigurationList section */
		3AAAC7A41B80AB40009431FC /* Build configuration list for PBXProject "NaOH" */ = {
			isa = XCConfigurationList;
			buildConfigurations = (
				3AAAC7BC1B80AB40009431FC /* Debug */,
				3AAAC7BD1B80AB40009431FC /* Release */,
			);
			defaultConfigurationIsVisible = 0;
			defaultConfigurationName = Release;
		};
		3AAAC7BE1B80AB40009431FC /* Build configuration list for PBXNativeTarget "NaOH" */ = {
			isa = XCConfigurationList;
			buildConfigurations = (
				3AAAC7BF1B80AB40009431FC /* Debug */,
				3AAAC7C01B80AB40009431FC /* Release */,
			);
			defaultConfigurationIsVisible = 0;
			defaultConfigurationName = Release;
		};
		3AAAC7C11B80AB40009431FC /* Build configuration list for PBXNativeTarget "NaOHTests" */ = {
			isa = XCConfigurationList;
			buildConfigurations = (
				3AAAC7C21B80AB40009431FC /* Debug */,
				3AAAC7C31B80AB40009431FC /* Release */,
			);
			defaultConfigurationIsVisible = 0;
			defaultConfigurationName = Release;
		};
/* End XCConfigurationList section */
	};
	rootObject = 3AAAC7A11B80AB40009431FC /* Project object */;
}
