<?xml version="1.0" encoding="UTF-8"?>
<!DOCTYPE plist PUBLIC "-//Apple//DTD PLIST 1.0//EN" "http://www.apple.com/DTDs/PropertyList-1.0.dtd">
<plist version="1.0">
<dict>
	<key>archiveVersion</key>
	<string>1</string>
	<key>classes</key>
	<dict/>
	<key>objectVersion</key>
	<string>46</string>
	<key>objects</key>
	<dict>
		<key>3A526F681B80AC130092BA60</key>
		<dict>
			<key>fileEncoding</key>
			<string>4</string>
			<key>isa</key>
			<string>PBXFileReference</string>
			<key>lastKnownFileType</key>
			<string>sourcecode.swift</string>
			<key>path</key>
			<string>SwiftAPI.swift</string>
			<key>sourceTree</key>
			<string>&lt;group&gt;</string>
		</dict>
		<key>3A526F691B80AC130092BA60</key>
		<dict>
			<key>fileEncoding</key>
			<string>4</string>
			<key>isa</key>
			<string>PBXFileReference</string>
			<key>lastKnownFileType</key>
			<string>sourcecode.swift</string>
			<key>path</key>
			<string>Key.swift</string>
			<key>sourceTree</key>
			<string>&lt;group&gt;</string>
		</dict>
		<key>3A526F6A1B80AC130092BA60</key>
		<dict>
			<key>fileEncoding</key>
			<string>4</string>
			<key>isa</key>
			<string>PBXFileReference</string>
			<key>lastKnownFileType</key>
			<string>sourcecode.swift</string>
			<key>path</key>
			<string>crypto_secretbox.swift</string>
			<key>sourceTree</key>
			<string>&lt;group&gt;</string>
		</dict>
		<key>3A526F6B1B80AC130092BA60</key>
		<dict>
			<key>fileRef</key>
			<string>3A526F681B80AC130092BA60</string>
			<key>isa</key>
			<string>PBXBuildFile</string>
		</dict>
		<key>3A526F6C1B80AC130092BA60</key>
		<dict>
			<key>fileRef</key>
			<string>3A526F691B80AC130092BA60</string>
			<key>isa</key>
			<string>PBXBuildFile</string>
		</dict>
		<key>3A526F6D1B80AC130092BA60</key>
		<dict>
			<key>fileRef</key>
			<string>3A526F6A1B80AC130092BA60</string>
			<key>isa</key>
			<string>PBXBuildFile</string>
		</dict>
		<key>3A526F6F1B80ACCE0092BA60</key>
		<dict>
			<key>fileEncoding</key>
			<string>4</string>
			<key>isa</key>
			<string>PBXFileReference</string>
			<key>lastKnownFileType</key>
			<string>sourcecode.c.h</string>
			<key>path</key>
			<string>core.h</string>
			<key>sourceTree</key>
			<string>&lt;group&gt;</string>
		</dict>
		<key>3A526F701B80ACCE0092BA60</key>
		<dict>
			<key>fileEncoding</key>
			<string>4</string>
			<key>isa</key>
			<string>PBXFileReference</string>
			<key>lastKnownFileType</key>
			<string>sourcecode.c.h</string>
			<key>path</key>
			<string>crypto_aead_chacha20poly1305.h</string>
			<key>sourceTree</key>
			<string>&lt;group&gt;</string>
		</dict>
		<key>3A526F711B80ACCE0092BA60</key>
		<dict>
			<key>fileEncoding</key>
			<string>4</string>
			<key>isa</key>
			<string>PBXFileReference</string>
			<key>lastKnownFileType</key>
			<string>sourcecode.c.h</string>
			<key>path</key>
			<string>crypto_auth_hmacsha256.h</string>
			<key>sourceTree</key>
			<string>&lt;group&gt;</string>
		</dict>
		<key>3A526F721B80ACCE0092BA60</key>
		<dict>
			<key>fileEncoding</key>
			<string>4</string>
			<key>isa</key>
			<string>PBXFileReference</string>
			<key>lastKnownFileType</key>
			<string>sourcecode.c.h</string>
			<key>path</key>
			<string>crypto_auth_hmacsha512.h</string>
			<key>sourceTree</key>
			<string>&lt;group&gt;</string>
		</dict>
		<key>3A526F731B80ACCE0092BA60</key>
		<dict>
			<key>fileEncoding</key>
			<string>4</string>
			<key>isa</key>
			<string>PBXFileReference</string>
			<key>lastKnownFileType</key>
			<string>sourcecode.c.h</string>
			<key>path</key>
			<string>crypto_auth_hmacsha512256.h</string>
			<key>sourceTree</key>
			<string>&lt;group&gt;</string>
		</dict>
		<key>3A526F741B80ACCE0092BA60</key>
		<dict>
			<key>fileEncoding</key>
			<string>4</string>
			<key>isa</key>
			<string>PBXFileReference</string>
			<key>lastKnownFileType</key>
			<string>sourcecode.c.h</string>
			<key>path</key>
			<string>crypto_auth.h</string>
			<key>sourceTree</key>
			<string>&lt;group&gt;</string>
		</dict>
		<key>3A526F751B80ACCE0092BA60</key>
		<dict>
			<key>fileEncoding</key>
			<string>4</string>
			<key>isa</key>
			<string>PBXFileReference</string>
			<key>lastKnownFileType</key>
			<string>sourcecode.c.h</string>
			<key>path</key>
			<string>crypto_box_curve25519xsalsa20poly1305.h</string>
			<key>sourceTree</key>
			<string>&lt;group&gt;</string>
		</dict>
		<key>3A526F761B80ACCE0092BA60</key>
		<dict>
			<key>fileEncoding</key>
			<string>4</string>
			<key>isa</key>
			<string>PBXFileReference</string>
			<key>lastKnownFileType</key>
			<string>sourcecode.c.h</string>
			<key>path</key>
			<string>crypto_box.h</string>
			<key>sourceTree</key>
			<string>&lt;group&gt;</string>
		</dict>
		<key>3A526F771B80ACCE0092BA60</key>
		<dict>
			<key>fileEncoding</key>
			<string>4</string>
			<key>isa</key>
			<string>PBXFileReference</string>
			<key>lastKnownFileType</key>
			<string>sourcecode.c.h</string>
			<key>path</key>
			<string>crypto_core_hsalsa20.h</string>
			<key>sourceTree</key>
			<string>&lt;group&gt;</string>
		</dict>
		<key>3A526F781B80ACCE0092BA60</key>
		<dict>
			<key>fileEncoding</key>
			<string>4</string>
			<key>isa</key>
			<string>PBXFileReference</string>
			<key>lastKnownFileType</key>
			<string>sourcecode.c.h</string>
			<key>path</key>
			<string>crypto_core_salsa20.h</string>
			<key>sourceTree</key>
			<string>&lt;group&gt;</string>
		</dict>
		<key>3A526F791B80ACCE0092BA60</key>
		<dict>
			<key>fileEncoding</key>
			<string>4</string>
			<key>isa</key>
			<string>PBXFileReference</string>
			<key>lastKnownFileType</key>
			<string>sourcecode.c.h</string>
			<key>path</key>
			<string>crypto_core_salsa208.h</string>
			<key>sourceTree</key>
			<string>&lt;group&gt;</string>
		</dict>
		<key>3A526F7A1B80ACCE0092BA60</key>
		<dict>
			<key>fileEncoding</key>
			<string>4</string>
			<key>isa</key>
			<string>PBXFileReference</string>
			<key>lastKnownFileType</key>
			<string>sourcecode.c.h</string>
			<key>path</key>
			<string>crypto_core_salsa2012.h</string>
			<key>sourceTree</key>
			<string>&lt;group&gt;</string>
		</dict>
		<key>3A526F7B1B80ACCE0092BA60</key>
		<dict>
			<key>fileEncoding</key>
			<string>4</string>
			<key>isa</key>
			<string>PBXFileReference</string>
			<key>lastKnownFileType</key>
			<string>sourcecode.c.h</string>
			<key>path</key>
			<string>crypto_generichash_blake2b.h</string>
			<key>sourceTree</key>
			<string>&lt;group&gt;</string>
		</dict>
		<key>3A526F7C1B80ACCE0092BA60</key>
		<dict>
			<key>fileEncoding</key>
			<string>4</string>
			<key>isa</key>
			<string>PBXFileReference</string>
			<key>lastKnownFileType</key>
			<string>sourcecode.c.h</string>
			<key>path</key>
			<string>crypto_generichash.h</string>
			<key>sourceTree</key>
			<string>&lt;group&gt;</string>
		</dict>
		<key>3A526F7D1B80ACCE0092BA60</key>
		<dict>
			<key>fileEncoding</key>
			<string>4</string>
			<key>isa</key>
			<string>PBXFileReference</string>
			<key>lastKnownFileType</key>
			<string>sourcecode.c.h</string>
			<key>path</key>
			<string>crypto_hash_sha256.h</string>
			<key>sourceTree</key>
			<string>&lt;group&gt;</string>
		</dict>
		<key>3A526F7E1B80ACCE0092BA60</key>
		<dict>
			<key>fileEncoding</key>
			<string>4</string>
			<key>isa</key>
			<string>PBXFileReference</string>
			<key>lastKnownFileType</key>
			<string>sourcecode.c.h</string>
			<key>path</key>
			<string>crypto_hash_sha512.h</string>
			<key>sourceTree</key>
			<string>&lt;group&gt;</string>
		</dict>
		<key>3A526F7F1B80ACCE0092BA60</key>
		<dict>
			<key>fileEncoding</key>
			<string>4</string>
			<key>isa</key>
			<string>PBXFileReference</string>
			<key>lastKnownFileType</key>
			<string>sourcecode.c.h</string>
			<key>path</key>
			<string>crypto_hash.h</string>
			<key>sourceTree</key>
			<string>&lt;group&gt;</string>
		</dict>
		<key>3A526F801B80ACCE0092BA60</key>
		<dict>
			<key>fileEncoding</key>
			<string>4</string>
			<key>isa</key>
			<string>PBXFileReference</string>
			<key>lastKnownFileType</key>
			<string>sourcecode.c.h</string>
			<key>path</key>
			<string>crypto_int32.h</string>
			<key>sourceTree</key>
			<string>&lt;group&gt;</string>
		</dict>
		<key>3A526F811B80ACCE0092BA60</key>
		<dict>
			<key>fileEncoding</key>
			<string>4</string>
			<key>isa</key>
			<string>PBXFileReference</string>
			<key>lastKnownFileType</key>
			<string>sourcecode.c.h</string>
			<key>path</key>
			<string>crypto_int64.h</string>
			<key>sourceTree</key>
			<string>&lt;group&gt;</string>
		</dict>
		<key>3A526F821B80ACCE0092BA60</key>
		<dict>
			<key>fileEncoding</key>
			<string>4</string>
			<key>isa</key>
			<string>PBXFileReference</string>
			<key>lastKnownFileType</key>
			<string>sourcecode.c.h</string>
			<key>path</key>
			<string>crypto_onetimeauth_poly1305.h</string>
			<key>sourceTree</key>
			<string>&lt;group&gt;</string>
		</dict>
		<key>3A526F831B80ACCE0092BA60</key>
		<dict>
			<key>fileEncoding</key>
			<string>4</string>
			<key>isa</key>
			<string>PBXFileReference</string>
			<key>lastKnownFileType</key>
			<string>sourcecode.c.h</string>
			<key>path</key>
			<string>crypto_onetimeauth.h</string>
			<key>sourceTree</key>
			<string>&lt;group&gt;</string>
		</dict>
		<key>3A526F841B80ACCE0092BA60</key>
		<dict>
			<key>fileEncoding</key>
			<string>4</string>
			<key>isa</key>
			<string>PBXFileReference</string>
			<key>lastKnownFileType</key>
			<string>sourcecode.c.h</string>
			<key>path</key>
			<string>crypto_pwhash_scryptsalsa208sha256.h</string>
			<key>sourceTree</key>
			<string>&lt;group&gt;</string>
		</dict>
		<key>3A526F851B80ACCE0092BA60</key>
		<dict>
			<key>fileEncoding</key>
			<string>4</string>
			<key>isa</key>
			<string>PBXFileReference</string>
			<key>lastKnownFileType</key>
			<string>sourcecode.c.h</string>
			<key>path</key>
			<string>crypto_scalarmult_curve25519.h</string>
			<key>sourceTree</key>
			<string>&lt;group&gt;</string>
		</dict>
		<key>3A526F861B80ACCE0092BA60</key>
		<dict>
			<key>fileEncoding</key>
			<string>4</string>
			<key>isa</key>
			<string>PBXFileReference</string>
			<key>lastKnownFileType</key>
			<string>sourcecode.c.h</string>
			<key>path</key>
			<string>crypto_scalarmult.h</string>
			<key>sourceTree</key>
			<string>&lt;group&gt;</string>
		</dict>
		<key>3A526F871B80ACCE0092BA60</key>
		<dict>
			<key>fileEncoding</key>
			<string>4</string>
			<key>isa</key>
			<string>PBXFileReference</string>
			<key>lastKnownFileType</key>
			<string>sourcecode.c.h</string>
			<key>path</key>
			<string>crypto_secretbox_xsalsa20poly1305.h</string>
			<key>sourceTree</key>
			<string>&lt;group&gt;</string>
		</dict>
		<key>3A526F881B80ACCE0092BA60</key>
		<dict>
			<key>fileEncoding</key>
			<string>4</string>
			<key>isa</key>
			<string>PBXFileReference</string>
			<key>lastKnownFileType</key>
			<string>sourcecode.c.h</string>
			<key>path</key>
			<string>crypto_secretbox.h</string>
			<key>sourceTree</key>
			<string>&lt;group&gt;</string>
		</dict>
		<key>3A526F891B80ACCE0092BA60</key>
		<dict>
			<key>fileEncoding</key>
			<string>4</string>
			<key>isa</key>
			<string>PBXFileReference</string>
			<key>lastKnownFileType</key>
			<string>sourcecode.c.h</string>
			<key>path</key>
			<string>crypto_shorthash_siphash24.h</string>
			<key>sourceTree</key>
			<string>&lt;group&gt;</string>
		</dict>
		<key>3A526F8A1B80ACCE0092BA60</key>
		<dict>
			<key>fileEncoding</key>
			<string>4</string>
			<key>isa</key>
			<string>PBXFileReference</string>
			<key>lastKnownFileType</key>
			<string>sourcecode.c.h</string>
			<key>path</key>
			<string>crypto_shorthash.h</string>
			<key>sourceTree</key>
			<string>&lt;group&gt;</string>
		</dict>
		<key>3A526F8B1B80ACCE0092BA60</key>
		<dict>
			<key>fileEncoding</key>
			<string>4</string>
			<key>isa</key>
			<string>PBXFileReference</string>
			<key>lastKnownFileType</key>
			<string>sourcecode.c.h</string>
			<key>path</key>
			<string>crypto_sign_ed25519.h</string>
			<key>sourceTree</key>
			<string>&lt;group&gt;</string>
		</dict>
		<key>3A526F8C1B80ACCE0092BA60</key>
		<dict>
			<key>fileEncoding</key>
			<string>4</string>
			<key>isa</key>
			<string>PBXFileReference</string>
			<key>lastKnownFileType</key>
			<string>sourcecode.c.h</string>
			<key>path</key>
			<string>crypto_sign_edwards25519sha512batch.h</string>
			<key>sourceTree</key>
			<string>&lt;group&gt;</string>
		</dict>
		<key>3A526F8D1B80ACCE0092BA60</key>
		<dict>
			<key>fileEncoding</key>
			<string>4</string>
			<key>isa</key>
			<string>PBXFileReference</string>
			<key>lastKnownFileType</key>
			<string>sourcecode.c.h</string>
			<key>path</key>
			<string>crypto_sign.h</string>
			<key>sourceTree</key>
			<string>&lt;group&gt;</string>
		</dict>
		<key>3A526F8E1B80ACCE0092BA60</key>
		<dict>
			<key>fileEncoding</key>
			<string>4</string>
			<key>isa</key>
			<string>PBXFileReference</string>
			<key>lastKnownFileType</key>
			<string>sourcecode.c.h</string>
			<key>path</key>
			<string>crypto_stream_aes128ctr.h</string>
			<key>sourceTree</key>
			<string>&lt;group&gt;</string>
		</dict>
		<key>3A526F8F1B80ACCE0092BA60</key>
		<dict>
			<key>fileEncoding</key>
			<string>4</string>
			<key>isa</key>
			<string>PBXFileReference</string>
			<key>lastKnownFileType</key>
			<string>sourcecode.c.h</string>
			<key>path</key>
			<string>crypto_stream_chacha20.h</string>
			<key>sourceTree</key>
			<string>&lt;group&gt;</string>
		</dict>
		<key>3A526F901B80ACCE0092BA60</key>
		<dict>
			<key>fileEncoding</key>
			<string>4</string>
			<key>isa</key>
			<string>PBXFileReference</string>
			<key>lastKnownFileType</key>
			<string>sourcecode.c.h</string>
			<key>path</key>
			<string>crypto_stream_salsa20.h</string>
			<key>sourceTree</key>
			<string>&lt;group&gt;</string>
		</dict>
		<key>3A526F911B80ACCE0092BA60</key>
		<dict>
			<key>fileEncoding</key>
			<string>4</string>
			<key>isa</key>
			<string>PBXFileReference</string>
			<key>lastKnownFileType</key>
			<string>sourcecode.c.h</string>
			<key>path</key>
			<string>crypto_stream_salsa208.h</string>
			<key>sourceTree</key>
			<string>&lt;group&gt;</string>
		</dict>
		<key>3A526F921B80ACCE0092BA60</key>
		<dict>
			<key>fileEncoding</key>
			<string>4</string>
			<key>isa</key>
			<string>PBXFileReference</string>
			<key>lastKnownFileType</key>
			<string>sourcecode.c.h</string>
			<key>path</key>
			<string>crypto_stream_salsa2012.h</string>
			<key>sourceTree</key>
			<string>&lt;group&gt;</string>
		</dict>
		<key>3A526F931B80ACCE0092BA60</key>
		<dict>
			<key>fileEncoding</key>
			<string>4</string>
			<key>isa</key>
			<string>PBXFileReference</string>
			<key>lastKnownFileType</key>
			<string>sourcecode.c.h</string>
			<key>path</key>
			<string>crypto_stream_xsalsa20.h</string>
			<key>sourceTree</key>
			<string>&lt;group&gt;</string>
		</dict>
		<key>3A526F941B80ACCE0092BA60</key>
		<dict>
			<key>fileEncoding</key>
			<string>4</string>
			<key>isa</key>
			<string>PBXFileReference</string>
			<key>lastKnownFileType</key>
			<string>sourcecode.c.h</string>
			<key>path</key>
			<string>crypto_stream.h</string>
			<key>sourceTree</key>
			<string>&lt;group&gt;</string>
		</dict>
		<key>3A526F951B80ACCE0092BA60</key>
		<dict>
			<key>fileEncoding</key>
			<string>4</string>
			<key>isa</key>
			<string>PBXFileReference</string>
			<key>lastKnownFileType</key>
			<string>sourcecode.c.h</string>
			<key>path</key>
			<string>crypto_uint8.h</string>
			<key>sourceTree</key>
			<string>&lt;group&gt;</string>
		</dict>
		<key>3A526F961B80ACCE0092BA60</key>
		<dict>
			<key>fileEncoding</key>
			<string>4</string>
			<key>isa</key>
			<string>PBXFileReference</string>
			<key>lastKnownFileType</key>
			<string>sourcecode.c.h</string>
			<key>path</key>
			<string>crypto_uint16.h</string>
			<key>sourceTree</key>
			<string>&lt;group&gt;</string>
		</dict>
		<key>3A526F971B80ACCE0092BA60</key>
		<dict>
			<key>fileEncoding</key>
			<string>4</string>
			<key>isa</key>
			<string>PBXFileReference</string>
			<key>lastKnownFileType</key>
			<string>sourcecode.c.h</string>
			<key>path</key>
			<string>crypto_uint32.h</string>
			<key>sourceTree</key>
			<string>&lt;group&gt;</string>
		</dict>
		<key>3A526F981B80ACCE0092BA60</key>
		<dict>
			<key>fileEncoding</key>
			<string>4</string>
			<key>isa</key>
			<string>PBXFileReference</string>
			<key>lastKnownFileType</key>
			<string>sourcecode.c.h</string>
			<key>path</key>
			<string>crypto_uint64.h</string>
			<key>sourceTree</key>
			<string>&lt;group&gt;</string>
		</dict>
		<key>3A526F991B80ACCE0092BA60</key>
		<dict>
			<key>fileEncoding</key>
			<string>4</string>
			<key>isa</key>
			<string>PBXFileReference</string>
			<key>lastKnownFileType</key>
			<string>sourcecode.c.h</string>
			<key>path</key>
			<string>crypto_verify_16.h</string>
			<key>sourceTree</key>
			<string>&lt;group&gt;</string>
		</dict>
		<key>3A526F9A1B80ACCE0092BA60</key>
		<dict>
			<key>fileEncoding</key>
			<string>4</string>
			<key>isa</key>
			<string>PBXFileReference</string>
			<key>lastKnownFileType</key>
			<string>sourcecode.c.h</string>
			<key>path</key>
			<string>crypto_verify_32.h</string>
			<key>sourceTree</key>
			<string>&lt;group&gt;</string>
		</dict>
		<key>3A526F9B1B80ACCE0092BA60</key>
		<dict>
			<key>fileEncoding</key>
			<string>4</string>
			<key>isa</key>
			<string>PBXFileReference</string>
			<key>lastKnownFileType</key>
			<string>sourcecode.c.h</string>
			<key>path</key>
			<string>crypto_verify_64.h</string>
			<key>sourceTree</key>
			<string>&lt;group&gt;</string>
		</dict>
		<key>3A526F9C1B80ACCE0092BA60</key>
		<dict>
			<key>fileEncoding</key>
			<string>4</string>
			<key>isa</key>
			<string>PBXFileReference</string>
			<key>lastKnownFileType</key>
			<string>sourcecode.c.h</string>
			<key>path</key>
			<string>export.h</string>
			<key>sourceTree</key>
			<string>&lt;group&gt;</string>
		</dict>
		<key>3A526F9D1B80ACCE0092BA60</key>
		<dict>
			<key>fileEncoding</key>
			<string>4</string>
			<key>isa</key>
			<string>PBXFileReference</string>
			<key>lastKnownFileType</key>
			<string>sourcecode.c.h</string>
			<key>path</key>
			<string>randombytes_salsa20_random.h</string>
			<key>sourceTree</key>
			<string>&lt;group&gt;</string>
		</dict>
		<key>3A526F9E1B80ACCE0092BA60</key>
		<dict>
			<key>fileEncoding</key>
			<string>4</string>
			<key>isa</key>
			<string>PBXFileReference</string>
			<key>lastKnownFileType</key>
			<string>sourcecode.c.h</string>
			<key>path</key>
			<string>randombytes_sysrandom.h</string>
			<key>sourceTree</key>
			<string>&lt;group&gt;</string>
		</dict>
		<key>3A526F9F1B80ACCE0092BA60</key>
		<dict>
			<key>fileEncoding</key>
			<string>4</string>
			<key>isa</key>
			<string>PBXFileReference</string>
			<key>lastKnownFileType</key>
			<string>sourcecode.c.h</string>
			<key>path</key>
			<string>randombytes.h</string>
			<key>sourceTree</key>
			<string>&lt;group&gt;</string>
		</dict>
		<key>3A526FA01B80ACCE0092BA60</key>
		<dict>
			<key>fileEncoding</key>
			<string>4</string>
			<key>isa</key>
			<string>PBXFileReference</string>
			<key>lastKnownFileType</key>
			<string>sourcecode.c.h</string>
			<key>path</key>
			<string>runtime.h</string>
			<key>sourceTree</key>
			<string>&lt;group&gt;</string>
		</dict>
		<key>3A526FA11B80ACCE0092BA60</key>
		<dict>
			<key>fileEncoding</key>
			<string>4</string>
			<key>isa</key>
			<string>PBXFileReference</string>
			<key>lastKnownFileType</key>
			<string>sourcecode.c.h</string>
			<key>path</key>
			<string>sodium.h</string>
			<key>sourceTree</key>
			<string>&lt;group&gt;</string>
		</dict>
		<key>3A526FA21B80ACCE0092BA60</key>
		<dict>
			<key>fileEncoding</key>
			<string>4</string>
			<key>isa</key>
			<string>PBXFileReference</string>
			<key>lastKnownFileType</key>
			<string>sourcecode.c.h</string>
			<key>path</key>
			<string>utils.h</string>
			<key>sourceTree</key>
			<string>&lt;group&gt;</string>
		</dict>
		<key>3A526FA31B80ACCE0092BA60</key>
		<dict>
			<key>fileEncoding</key>
			<string>4</string>
			<key>isa</key>
			<string>PBXFileReference</string>
			<key>lastKnownFileType</key>
			<string>sourcecode.c.h</string>
			<key>path</key>
			<string>version.h</string>
			<key>sourceTree</key>
			<string>&lt;group&gt;</string>
		</dict>
		<key>3A526FA41B80ACCE0092BA60</key>
		<dict>
			<key>fileEncoding</key>
			<string>4</string>
			<key>isa</key>
			<string>PBXFileReference</string>
			<key>lastKnownFileType</key>
			<string>text</string>
			<key>path</key>
			<string>version.h.in</string>
			<key>sourceTree</key>
			<string>&lt;group&gt;</string>
		</dict>
		<key>3A526FA51B80ACCE0092BA60</key>
		<dict>
			<key>fileRef</key>
			<string>3A526F6F1B80ACCE0092BA60</string>
			<key>isa</key>
			<string>PBXBuildFile</string>
			<key>settings</key>
			<dict>
				<key>ATTRIBUTES</key>
				<array>
					<string>Public</string>
				</array>
			</dict>
		</dict>
		<key>3A526FA61B80ACCE0092BA60</key>
		<dict>
			<key>fileRef</key>
			<string>3A526F701B80ACCE0092BA60</string>
			<key>isa</key>
			<string>PBXBuildFile</string>
			<key>settings</key>
			<dict>
				<key>ATTRIBUTES</key>
				<array>
					<string>Public</string>
				</array>
			</dict>
		</dict>
		<key>3A526FA71B80ACCE0092BA60</key>
		<dict>
			<key>fileRef</key>
			<string>3A526F711B80ACCE0092BA60</string>
			<key>isa</key>
			<string>PBXBuildFile</string>
			<key>settings</key>
			<dict>
				<key>ATTRIBUTES</key>
				<array>
					<string>Public</string>
				</array>
			</dict>
		</dict>
		<key>3A526FA81B80ACCE0092BA60</key>
		<dict>
			<key>fileRef</key>
			<string>3A526F721B80ACCE0092BA60</string>
			<key>isa</key>
			<string>PBXBuildFile</string>
			<key>settings</key>
			<dict>
				<key>ATTRIBUTES</key>
				<array>
					<string>Public</string>
				</array>
			</dict>
		</dict>
		<key>3A526FA91B80ACCE0092BA60</key>
		<dict>
			<key>fileRef</key>
			<string>3A526F731B80ACCE0092BA60</string>
			<key>isa</key>
			<string>PBXBuildFile</string>
			<key>settings</key>
			<dict>
				<key>ATTRIBUTES</key>
				<array>
					<string>Public</string>
				</array>
			</dict>
		</dict>
		<key>3A526FAA1B80ACCE0092BA60</key>
		<dict>
			<key>fileRef</key>
			<string>3A526F741B80ACCE0092BA60</string>
			<key>isa</key>
			<string>PBXBuildFile</string>
			<key>settings</key>
			<dict>
				<key>ATTRIBUTES</key>
				<array>
					<string>Public</string>
				</array>
			</dict>
		</dict>
		<key>3A526FAB1B80ACCE0092BA60</key>
		<dict>
			<key>fileRef</key>
			<string>3A526F751B80ACCE0092BA60</string>
			<key>isa</key>
			<string>PBXBuildFile</string>
			<key>settings</key>
			<dict>
				<key>ATTRIBUTES</key>
				<array>
					<string>Public</string>
				</array>
			</dict>
		</dict>
		<key>3A526FAC1B80ACCE0092BA60</key>
		<dict>
			<key>fileRef</key>
			<string>3A526F761B80ACCE0092BA60</string>
			<key>isa</key>
			<string>PBXBuildFile</string>
			<key>settings</key>
			<dict>
				<key>ATTRIBUTES</key>
				<array>
					<string>Public</string>
				</array>
			</dict>
		</dict>
		<key>3A526FAD1B80ACCE0092BA60</key>
		<dict>
			<key>fileRef</key>
			<string>3A526F771B80ACCE0092BA60</string>
			<key>isa</key>
			<string>PBXBuildFile</string>
			<key>settings</key>
			<dict>
				<key>ATTRIBUTES</key>
				<array>
					<string>Public</string>
				</array>
			</dict>
		</dict>
		<key>3A526FAE1B80ACCE0092BA60</key>
		<dict>
			<key>fileRef</key>
			<string>3A526F781B80ACCE0092BA60</string>
			<key>isa</key>
			<string>PBXBuildFile</string>
			<key>settings</key>
			<dict>
				<key>ATTRIBUTES</key>
				<array>
					<string>Public</string>
				</array>
			</dict>
		</dict>
		<key>3A526FAF1B80ACCE0092BA60</key>
		<dict>
			<key>fileRef</key>
			<string>3A526F791B80ACCE0092BA60</string>
			<key>isa</key>
			<string>PBXBuildFile</string>
			<key>settings</key>
			<dict>
				<key>ATTRIBUTES</key>
				<array>
					<string>Public</string>
				</array>
			</dict>
		</dict>
		<key>3A526FB01B80ACCE0092BA60</key>
		<dict>
			<key>fileRef</key>
			<string>3A526F7A1B80ACCE0092BA60</string>
			<key>isa</key>
			<string>PBXBuildFile</string>
			<key>settings</key>
			<dict>
				<key>ATTRIBUTES</key>
				<array>
					<string>Public</string>
				</array>
			</dict>
		</dict>
		<key>3A526FB11B80ACCE0092BA60</key>
		<dict>
			<key>fileRef</key>
			<string>3A526F7B1B80ACCE0092BA60</string>
			<key>isa</key>
			<string>PBXBuildFile</string>
			<key>settings</key>
			<dict>
				<key>ATTRIBUTES</key>
				<array>
					<string>Public</string>
				</array>
			</dict>
		</dict>
		<key>3A526FB21B80ACCE0092BA60</key>
		<dict>
			<key>fileRef</key>
			<string>3A526F7C1B80ACCE0092BA60</string>
			<key>isa</key>
			<string>PBXBuildFile</string>
			<key>settings</key>
			<dict>
				<key>ATTRIBUTES</key>
				<array>
					<string>Public</string>
				</array>
			</dict>
		</dict>
		<key>3A526FB31B80ACCE0092BA60</key>
		<dict>
			<key>fileRef</key>
			<string>3A526F7D1B80ACCE0092BA60</string>
			<key>isa</key>
			<string>PBXBuildFile</string>
			<key>settings</key>
			<dict>
				<key>ATTRIBUTES</key>
				<array>
					<string>Public</string>
				</array>
			</dict>
		</dict>
		<key>3A526FB41B80ACCE0092BA60</key>
		<dict>
			<key>fileRef</key>
			<string>3A526F7E1B80ACCE0092BA60</string>
			<key>isa</key>
			<string>PBXBuildFile</string>
			<key>settings</key>
			<dict>
				<key>ATTRIBUTES</key>
				<array>
					<string>Public</string>
				</array>
			</dict>
		</dict>
		<key>3A526FB51B80ACCE0092BA60</key>
		<dict>
			<key>fileRef</key>
			<string>3A526F7F1B80ACCE0092BA60</string>
			<key>isa</key>
			<string>PBXBuildFile</string>
			<key>settings</key>
			<dict>
				<key>ATTRIBUTES</key>
				<array>
					<string>Public</string>
				</array>
			</dict>
		</dict>
		<key>3A526FB61B80ACCE0092BA60</key>
		<dict>
			<key>fileRef</key>
			<string>3A526F801B80ACCE0092BA60</string>
			<key>isa</key>
			<string>PBXBuildFile</string>
			<key>settings</key>
			<dict>
				<key>ATTRIBUTES</key>
				<array>
					<string>Public</string>
				</array>
			</dict>
		</dict>
		<key>3A526FB71B80ACCE0092BA60</key>
		<dict>
			<key>fileRef</key>
			<string>3A526F811B80ACCE0092BA60</string>
			<key>isa</key>
			<string>PBXBuildFile</string>
			<key>settings</key>
			<dict>
				<key>ATTRIBUTES</key>
				<array>
					<string>Public</string>
				</array>
			</dict>
		</dict>
		<key>3A526FB81B80ACCE0092BA60</key>
		<dict>
			<key>fileRef</key>
			<string>3A526F821B80ACCE0092BA60</string>
			<key>isa</key>
			<string>PBXBuildFile</string>
			<key>settings</key>
			<dict>
				<key>ATTRIBUTES</key>
				<array>
					<string>Public</string>
				</array>
			</dict>
		</dict>
		<key>3A526FB91B80ACCE0092BA60</key>
		<dict>
			<key>fileRef</key>
			<string>3A526F831B80ACCE0092BA60</string>
			<key>isa</key>
			<string>PBXBuildFile</string>
			<key>settings</key>
			<dict>
				<key>ATTRIBUTES</key>
				<array>
					<string>Public</string>
				</array>
			</dict>
		</dict>
		<key>3A526FBA1B80ACCE0092BA60</key>
		<dict>
			<key>fileRef</key>
			<string>3A526F841B80ACCE0092BA60</string>
			<key>isa</key>
			<string>PBXBuildFile</string>
			<key>settings</key>
			<dict>
				<key>ATTRIBUTES</key>
				<array>
					<string>Public</string>
				</array>
			</dict>
		</dict>
		<key>3A526FBB1B80ACCE0092BA60</key>
		<dict>
			<key>fileRef</key>
			<string>3A526F851B80ACCE0092BA60</string>
			<key>isa</key>
			<string>PBXBuildFile</string>
			<key>settings</key>
			<dict>
				<key>ATTRIBUTES</key>
				<array>
					<string>Public</string>
				</array>
			</dict>
		</dict>
		<key>3A526FBC1B80ACCE0092BA60</key>
		<dict>
			<key>fileRef</key>
			<string>3A526F861B80ACCE0092BA60</string>
			<key>isa</key>
			<string>PBXBuildFile</string>
			<key>settings</key>
			<dict>
				<key>ATTRIBUTES</key>
				<array>
					<string>Public</string>
				</array>
			</dict>
		</dict>
		<key>3A526FBD1B80ACCE0092BA60</key>
		<dict>
			<key>fileRef</key>
			<string>3A526F871B80ACCE0092BA60</string>
			<key>isa</key>
			<string>PBXBuildFile</string>
			<key>settings</key>
			<dict>
				<key>ATTRIBUTES</key>
				<array>
					<string>Public</string>
				</array>
			</dict>
		</dict>
		<key>3A526FBE1B80ACCE0092BA60</key>
		<dict>
			<key>fileRef</key>
			<string>3A526F881B80ACCE0092BA60</string>
			<key>isa</key>
			<string>PBXBuildFile</string>
			<key>settings</key>
			<dict>
				<key>ATTRIBUTES</key>
				<array>
					<string>Public</string>
				</array>
			</dict>
		</dict>
		<key>3A526FBF1B80ACCE0092BA60</key>
		<dict>
			<key>fileRef</key>
			<string>3A526F891B80ACCE0092BA60</string>
			<key>isa</key>
			<string>PBXBuildFile</string>
			<key>settings</key>
			<dict>
				<key>ATTRIBUTES</key>
				<array>
					<string>Public</string>
				</array>
			</dict>
		</dict>
		<key>3A526FC01B80ACCE0092BA60</key>
		<dict>
			<key>fileRef</key>
			<string>3A526F8A1B80ACCE0092BA60</string>
			<key>isa</key>
			<string>PBXBuildFile</string>
			<key>settings</key>
			<dict>
				<key>ATTRIBUTES</key>
				<array>
					<string>Public</string>
				</array>
			</dict>
		</dict>
		<key>3A526FC11B80ACCE0092BA60</key>
		<dict>
			<key>fileRef</key>
			<string>3A526F8B1B80ACCE0092BA60</string>
			<key>isa</key>
			<string>PBXBuildFile</string>
			<key>settings</key>
			<dict>
				<key>ATTRIBUTES</key>
				<array>
					<string>Public</string>
				</array>
			</dict>
		</dict>
		<key>3A526FC21B80ACCE0092BA60</key>
		<dict>
			<key>fileRef</key>
			<string>3A526F8C1B80ACCE0092BA60</string>
			<key>isa</key>
			<string>PBXBuildFile</string>
			<key>settings</key>
			<dict>
				<key>ATTRIBUTES</key>
				<array>
					<string>Public</string>
				</array>
			</dict>
		</dict>
		<key>3A526FC31B80ACCE0092BA60</key>
		<dict>
			<key>fileRef</key>
			<string>3A526F8D1B80ACCE0092BA60</string>
			<key>isa</key>
			<string>PBXBuildFile</string>
			<key>settings</key>
			<dict>
				<key>ATTRIBUTES</key>
				<array>
					<string>Public</string>
				</array>
			</dict>
		</dict>
		<key>3A526FC41B80ACCE0092BA60</key>
		<dict>
			<key>fileRef</key>
			<string>3A526F8E1B80ACCE0092BA60</string>
			<key>isa</key>
			<string>PBXBuildFile</string>
			<key>settings</key>
			<dict>
				<key>ATTRIBUTES</key>
				<array>
					<string>Public</string>
				</array>
			</dict>
		</dict>
		<key>3A526FC51B80ACCE0092BA60</key>
		<dict>
			<key>fileRef</key>
			<string>3A526F8F1B80ACCE0092BA60</string>
			<key>isa</key>
			<string>PBXBuildFile</string>
			<key>settings</key>
			<dict>
				<key>ATTRIBUTES</key>
				<array>
					<string>Public</string>
				</array>
			</dict>
		</dict>
		<key>3A526FC61B80ACCE0092BA60</key>
		<dict>
			<key>fileRef</key>
			<string>3A526F901B80ACCE0092BA60</string>
			<key>isa</key>
			<string>PBXBuildFile</string>
			<key>settings</key>
			<dict>
				<key>ATTRIBUTES</key>
				<array>
					<string>Public</string>
				</array>
			</dict>
		</dict>
		<key>3A526FC71B80ACCE0092BA60</key>
		<dict>
			<key>fileRef</key>
			<string>3A526F911B80ACCE0092BA60</string>
			<key>isa</key>
			<string>PBXBuildFile</string>
			<key>settings</key>
			<dict>
				<key>ATTRIBUTES</key>
				<array>
					<string>Public</string>
				</array>
			</dict>
		</dict>
		<key>3A526FC81B80ACCE0092BA60</key>
		<dict>
			<key>fileRef</key>
			<string>3A526F921B80ACCE0092BA60</string>
			<key>isa</key>
			<string>PBXBuildFile</string>
			<key>settings</key>
			<dict>
				<key>ATTRIBUTES</key>
				<array>
					<string>Public</string>
				</array>
			</dict>
		</dict>
		<key>3A526FC91B80ACCE0092BA60</key>
		<dict>
			<key>fileRef</key>
			<string>3A526F931B80ACCE0092BA60</string>
			<key>isa</key>
			<string>PBXBuildFile</string>
			<key>settings</key>
			<dict>
				<key>ATTRIBUTES</key>
				<array>
					<string>Public</string>
				</array>
			</dict>
		</dict>
		<key>3A526FCA1B80ACCE0092BA60</key>
		<dict>
			<key>fileRef</key>
			<string>3A526F941B80ACCE0092BA60</string>
			<key>isa</key>
			<string>PBXBuildFile</string>
			<key>settings</key>
			<dict>
				<key>ATTRIBUTES</key>
				<array>
					<string>Public</string>
				</array>
			</dict>
		</dict>
		<key>3A526FCB1B80ACCE0092BA60</key>
		<dict>
			<key>fileRef</key>
			<string>3A526F951B80ACCE0092BA60</string>
			<key>isa</key>
			<string>PBXBuildFile</string>
			<key>settings</key>
			<dict>
				<key>ATTRIBUTES</key>
				<array>
					<string>Public</string>
				</array>
			</dict>
		</dict>
		<key>3A526FCC1B80ACCE0092BA60</key>
		<dict>
			<key>fileRef</key>
			<string>3A526F961B80ACCE0092BA60</string>
			<key>isa</key>
			<string>PBXBuildFile</string>
			<key>settings</key>
			<dict>
				<key>ATTRIBUTES</key>
				<array>
					<string>Public</string>
				</array>
			</dict>
		</dict>
		<key>3A526FCD1B80ACCE0092BA60</key>
		<dict>
			<key>fileRef</key>
			<string>3A526F971B80ACCE0092BA60</string>
			<key>isa</key>
			<string>PBXBuildFile</string>
			<key>settings</key>
			<dict>
				<key>ATTRIBUTES</key>
				<array>
					<string>Public</string>
				</array>
			</dict>
		</dict>
		<key>3A526FCE1B80ACCE0092BA60</key>
		<dict>
			<key>fileRef</key>
			<string>3A526F981B80ACCE0092BA60</string>
			<key>isa</key>
			<string>PBXBuildFile</string>
			<key>settings</key>
			<dict>
				<key>ATTRIBUTES</key>
				<array>
					<string>Public</string>
				</array>
			</dict>
		</dict>
		<key>3A526FCF1B80ACCE0092BA60</key>
		<dict>
			<key>fileRef</key>
			<string>3A526F991B80ACCE0092BA60</string>
			<key>isa</key>
			<string>PBXBuildFile</string>
			<key>settings</key>
			<dict>
				<key>ATTRIBUTES</key>
				<array>
					<string>Public</string>
				</array>
			</dict>
		</dict>
		<key>3A526FD01B80ACCE0092BA60</key>
		<dict>
			<key>fileRef</key>
			<string>3A526F9A1B80ACCE0092BA60</string>
			<key>isa</key>
			<string>PBXBuildFile</string>
			<key>settings</key>
			<dict>
				<key>ATTRIBUTES</key>
				<array>
					<string>Public</string>
				</array>
			</dict>
		</dict>
		<key>3A526FD11B80ACCE0092BA60</key>
		<dict>
			<key>fileRef</key>
			<string>3A526F9B1B80ACCE0092BA60</string>
			<key>isa</key>
			<string>PBXBuildFile</string>
			<key>settings</key>
			<dict>
				<key>ATTRIBUTES</key>
				<array>
					<string>Public</string>
				</array>
			</dict>
		</dict>
		<key>3A526FD21B80ACCE0092BA60</key>
		<dict>
			<key>fileRef</key>
			<string>3A526F9C1B80ACCE0092BA60</string>
			<key>isa</key>
			<string>PBXBuildFile</string>
			<key>settings</key>
			<dict>
				<key>ATTRIBUTES</key>
				<array>
					<string>Public</string>
				</array>
			</dict>
		</dict>
		<key>3A526FD31B80ACCE0092BA60</key>
		<dict>
			<key>fileRef</key>
			<string>3A526F9D1B80ACCE0092BA60</string>
			<key>isa</key>
			<string>PBXBuildFile</string>
			<key>settings</key>
			<dict>
				<key>ATTRIBUTES</key>
				<array>
					<string>Public</string>
				</array>
			</dict>
		</dict>
		<key>3A526FD41B80ACCE0092BA60</key>
		<dict>
			<key>fileRef</key>
			<string>3A526F9E1B80ACCE0092BA60</string>
			<key>isa</key>
			<string>PBXBuildFile</string>
			<key>settings</key>
			<dict>
				<key>ATTRIBUTES</key>
				<array>
					<string>Public</string>
				</array>
			</dict>
		</dict>
		<key>3A526FD51B80ACCE0092BA60</key>
		<dict>
			<key>fileRef</key>
			<string>3A526F9F1B80ACCE0092BA60</string>
			<key>isa</key>
			<string>PBXBuildFile</string>
			<key>settings</key>
			<dict>
				<key>ATTRIBUTES</key>
				<array>
					<string>Public</string>
				</array>
			</dict>
		</dict>
		<key>3A526FD61B80ACCE0092BA60</key>
		<dict>
			<key>fileRef</key>
			<string>3A526FA01B80ACCE0092BA60</string>
			<key>isa</key>
			<string>PBXBuildFile</string>
			<key>settings</key>
			<dict>
				<key>ATTRIBUTES</key>
				<array>
					<string>Public</string>
				</array>
			</dict>
		</dict>
		<key>3A526FD71B80ACCE0092BA60</key>
		<dict>
			<key>fileRef</key>
			<string>3A526FA11B80ACCE0092BA60</string>
			<key>isa</key>
			<string>PBXBuildFile</string>
			<key>settings</key>
			<dict>
				<key>ATTRIBUTES</key>
				<array>
					<string>Public</string>
				</array>
			</dict>
		</dict>
		<key>3A526FD81B80ACCE0092BA60</key>
		<dict>
			<key>fileRef</key>
			<string>3A526FA21B80ACCE0092BA60</string>
			<key>isa</key>
			<string>PBXBuildFile</string>
			<key>settings</key>
			<dict>
				<key>ATTRIBUTES</key>
				<array>
					<string>Public</string>
				</array>
			</dict>
		</dict>
		<key>3A526FD91B80ACCE0092BA60</key>
		<dict>
			<key>fileRef</key>
			<string>3A526FA31B80ACCE0092BA60</string>
			<key>isa</key>
			<string>PBXBuildFile</string>
			<key>settings</key>
			<dict>
				<key>ATTRIBUTES</key>
				<array>
					<string>Public</string>
				</array>
			</dict>
		</dict>
		<key>3A526FDA1B80ACCE0092BA60</key>
		<dict>
			<key>fileRef</key>
			<string>3A526FA41B80ACCE0092BA60</string>
			<key>isa</key>
			<string>PBXBuildFile</string>
		</dict>
		<key>3A526FDB1B80ACEB0092BA60</key>
		<dict>
			<key>isa</key>
			<string>PBXFileReference</string>
			<key>lastKnownFileType</key>
			<string>archive.ar</string>
			<key>path</key>
			<string>libsodium.a</string>
			<key>sourceTree</key>
			<string>&lt;group&gt;</string>
		</dict>
		<key>3A526FDC1B80ACEB0092BA60</key>
		<dict>
			<key>fileRef</key>
			<string>3A526FDB1B80ACEB0092BA60</string>
			<key>isa</key>
			<string>PBXBuildFile</string>
		</dict>
		<key>3A526FDD1B80AD4F0092BA60</key>
		<dict>
			<key>fileEncoding</key>
			<string>4</string>
			<key>isa</key>
			<string>PBXFileReference</string>
			<key>lastKnownFileType</key>
			<string>sourcecode.swift</string>
			<key>path</key>
			<string>CryptoBoxTests.swift</string>
			<key>sourceTree</key>
			<string>&lt;group&gt;</string>
		</dict>
		<key>3A526FDE1B80AD4F0092BA60</key>
		<dict>
			<key>fileEncoding</key>
			<string>4</string>
			<key>isa</key>
			<string>PBXFileReference</string>
			<key>lastKnownFileType</key>
			<string>sourcecode.swift</string>
			<key>path</key>
			<string>KeyTests.swift</string>
			<key>sourceTree</key>
			<string>&lt;group&gt;</string>
		</dict>
		<key>3A526FDF1B80AD4F0092BA60</key>
		<dict>
			<key>fileRef</key>
			<string>3A526FDD1B80AD4F0092BA60</string>
			<key>isa</key>
			<string>PBXBuildFile</string>
		</dict>
		<key>3A526FE01B80AD4F0092BA60</key>
		<dict>
			<key>fileRef</key>
			<string>3A526FDE1B80AD4F0092BA60</string>
			<key>isa</key>
			<string>PBXBuildFile</string>
		</dict>
		<key>3AAAC7A01B80AB40009431FC</key>
		<dict>
			<key>children</key>
			<array>
				<string>3AAAC7AC1B80AB40009431FC</string>
				<string>3AAAC7B81B80AB40009431FC</string>
				<string>3AAAC7AB1B80AB40009431FC</string>
			</array>
			<key>isa</key>
			<string>PBXGroup</string>
			<key>sourceTree</key>
			<string>&lt;group&gt;</string>
		</dict>
		<key>3AAAC7A11B80AB40009431FC</key>
		<dict>
			<key>attributes</key>
			<dict>
				<key>LastSwiftUpdateCheck</key>
				<string>0700</string>
				<key>LastUpgradeCheck</key>
				<string>0700</string>
				<key>ORGANIZATIONNAME</key>
				<string>DrewCrawfordApps</string>
				<key>TargetAttributes</key>
				<dict>
					<key>3AAAC7A91B80AB40009431FC</key>
					<dict>
						<key>CreatedOnToolsVersion</key>
						<string>7.0</string>
					</dict>
					<key>3AAAC7B31B80AB40009431FC</key>
					<dict>
						<key>CreatedOnToolsVersion</key>
						<string>7.0</string>
					</dict>
				</dict>
			</dict>
			<key>buildConfigurationList</key>
			<string>3AAAC7A41B80AB40009431FC</string>
			<key>compatibilityVersion</key>
			<string>Xcode 3.2</string>
			<key>developmentRegion</key>
			<string>English</string>
			<key>hasScannedForEncodings</key>
			<string>0</string>
			<key>isa</key>
			<string>PBXProject</string>
			<key>knownRegions</key>
			<array>
				<string>en</string>
			</array>
			<key>mainGroup</key>
			<string>3AAAC7A01B80AB40009431FC</string>
			<key>productRefGroup</key>
			<string>3AAAC7AB1B80AB40009431FC</string>
			<key>projectDirPath</key>
			<string></string>
			<key>projectReferences</key>
			<array/>
			<key>projectRoot</key>
			<string></string>
			<key>targets</key>
			<array>
				<string>3AAAC7A91B80AB40009431FC</string>
				<string>3AAAC7B31B80AB40009431FC</string>
			</array>
		</dict>
		<key>3AAAC7A41B80AB40009431FC</key>
		<dict>
			<key>buildConfigurations</key>
			<array>
				<string>3AAAC7BC1B80AB40009431FC</string>
				<string>3AAAC7BD1B80AB40009431FC</string>
			</array>
			<key>defaultConfigurationIsVisible</key>
			<string>0</string>
			<key>defaultConfigurationName</key>
			<string>Release</string>
			<key>isa</key>
			<string>XCConfigurationList</string>
		</dict>
		<key>3AAAC7A51B80AB40009431FC</key>
		<dict>
			<key>buildActionMask</key>
			<string>2147483647</string>
			<key>files</key>
			<array>
				<string>3A526F6D1B80AC130092BA60</string>
				<string>3A526F6B1B80AC130092BA60</string>
				<string>3A526F6C1B80AC130092BA60</string>
			</array>
			<key>isa</key>
			<string>PBXSourcesBuildPhase</string>
			<key>runOnlyForDeploymentPostprocessing</key>
			<string>0</string>
		</dict>
		<key>3AAAC7A61B80AB40009431FC</key>
		<dict>
			<key>buildActionMask</key>
			<string>2147483647</string>
			<key>files</key>
			<array>
				<string>3A526FDC1B80ACEB0092BA60</string>
			</array>
			<key>isa</key>
			<string>PBXFrameworksBuildPhase</string>
			<key>runOnlyForDeploymentPostprocessing</key>
			<string>0</string>
		</dict>
		<key>3AAAC7A71B80AB40009431FC</key>
		<dict>
			<key>buildActionMask</key>
			<string>2147483647</string>
			<key>files</key>
			<array>
				<string>3A526FD81B80ACCE0092BA60</string>
				<string>3A526FB61B80ACCE0092BA60</string>
				<string>3A526FA51B80ACCE0092BA60</string>
				<string>3A526FD71B80ACCE0092BA60</string>
				<string>3A526FAF1B80ACCE0092BA60</string>
				<string>3A526FBE1B80ACCE0092BA60</string>
				<string>3A526FCC1B80ACCE0092BA60</string>
				<string>3A526FBC1B80ACCE0092BA60</string>
				<string>3A526FC41B80ACCE0092BA60</string>
				<string>3A526FD61B80ACCE0092BA60</string>
				<string>3A526FD11B80ACCE0092BA60</string>
				<string>3A526FAE1B80ACCE0092BA60</string>
				<string>3A526FA71B80ACCE0092BA60</string>
				<string>3A526FCB1B80ACCE0092BA60</string>
				<string>3A526FA81B80ACCE0092BA60</string>
				<string>3A526FD01B80ACCE0092BA60</string>
				<string>3A526FBB1B80ACCE0092BA60</string>
				<string>3A526FB41B80ACCE0092BA60</string>
				<string>3A526FAD1B80ACCE0092BA60</string>
				<string>3A526FD21B80ACCE0092BA60</string>
				<string>3A526FCD1B80ACCE0092BA60</string>
				<string>3A526FBA1B80ACCE0092BA60</string>
				<string>3A526FD31B80ACCE0092BA60</string>
				<string>3A526FC31B80ACCE0092BA60</string>
				<string>3A526FC01B80ACCE0092BA60</string>
				<string>3A526FCF1B80ACCE0092BA60</string>
				<string>3A526FC81B80ACCE0092BA60</string>
				<string>3A526FC71B80ACCE0092BA60</string>
				<string>3A526FB11B80ACCE0092BA60</string>
				<string>3A526FAB1B80ACCE0092BA60</string>
				<string>3A526FA61B80ACCE0092BA60</string>
				<string>3A526FBD1B80ACCE0092BA60</string>
				<string>3A526FC21B80ACCE0092BA60</string>
				<string>3AAAC7AE1B80AB40009431FC</string>
				<string>3A526FAA1B80ACCE0092BA60</string>
				<string>3A526FD41B80ACCE0092BA60</string>
				<string>3A526FC61B80ACCE0092BA60</string>
				<string>3A526FCA1B80ACCE0092BA60</string>
				<string>3A526FB31B80ACCE0092BA60</string>
				<string>3A526FB91B80ACCE0092BA60</string>
				<string>3A526FB21B80ACCE0092BA60</string>
				<string>3A526FAC1B80ACCE0092BA60</string>
				<string>3A526FC11B80ACCE0092BA60</string>
				<string>3A526FBF1B80ACCE0092BA60</string>
				<string>3A526FD51B80ACCE0092BA60</string>
				<string>3A526FB01B80ACCE0092BA60</string>
				<string>3A526FB81B80ACCE0092BA60</string>
				<string>3A526FC51B80ACCE0092BA60</string>
				<string>3A526FCE1B80ACCE0092BA60</string>
				<string>3A526FD91B80ACCE0092BA60</string>
				<string>3A526FA91B80ACCE0092BA60</string>
				<string>3A526FB71B80ACCE0092BA60</string>
				<string>3A526FC91B80ACCE0092BA60</string>
				<string>3A526FB51B80ACCE0092BA60</string>
			</array>
			<key>isa</key>
			<string>PBXHeadersBuildPhase</string>
			<key>runOnlyForDeploymentPostprocessing</key>
			<string>0</string>
		</dict>
		<key>3AAAC7A81B80AB40009431FC</key>
		<dict>
			<key>buildActionMask</key>
			<string>2147483647</string>
			<key>files</key>
			<array>
				<string>3A526FDA1B80ACCE0092BA60</string>
			</array>
			<key>isa</key>
			<string>PBXResourcesBuildPhase</string>
			<key>runOnlyForDeploymentPostprocessing</key>
			<string>0</string>
		</dict>
		<key>3AAAC7A91B80AB40009431FC</key>
		<dict>
			<key>buildConfigurationList</key>
			<string>3AAAC7BE1B80AB40009431FC</string>
			<key>buildPhases</key>
			<array>
				<string>3AAAC7A51B80AB40009431FC</string>
				<string>3AAAC7A61B80AB40009431FC</string>
				<string>3AAAC7A71B80AB40009431FC</string>
				<string>3AAAC7A81B80AB40009431FC</string>
			</array>
			<key>buildRules</key>
			<array/>
			<key>dependencies</key>
			<array/>
			<key>isa</key>
			<string>PBXNativeTarget</string>
			<key>name</key>
			<string>NaOH</string>
			<key>productName</key>
			<string>NaOH</string>
			<key>productReference</key>
			<string>3AAAC7AA1B80AB40009431FC</string>
			<key>productType</key>
			<string>com.apple.product-type.framework</string>
		</dict>
		<key>3AAAC7AA1B80AB40009431FC</key>
		<dict>
			<key>explicitFileType</key>
			<string>wrapper.framework</string>
			<key>includeInIndex</key>
			<string>0</string>
			<key>isa</key>
			<string>PBXFileReference</string>
			<key>path</key>
			<string>NaOH.framework</string>
			<key>sourceTree</key>
			<string>BUILT_PRODUCTS_DIR</string>
		</dict>
		<key>3AAAC7AB1B80AB40009431FC</key>
		<dict>
			<key>children</key>
			<array>
				<string>3AAAC7AA1B80AB40009431FC</string>
				<string>3AAAC7B41B80AB40009431FC</string>
			</array>
			<key>isa</key>
			<string>PBXGroup</string>
			<key>name</key>
			<string>Products</string>
			<key>sourceTree</key>
			<string>&lt;group&gt;</string>
		</dict>
		<key>3AAAC7AC1B80AB40009431FC</key>
		<dict>
			<key>children</key>
			<array>
				<string>3A526F681B80AC130092BA60</string>
				<string>3A526F691B80AC130092BA60</string>
				<string>3A526F6A1B80AC130092BA60</string>
				<string>3AAAC7C41B80AB98009431FC</string>
				<string>3AAAC7AD1B80AB40009431FC</string>
				<string>3AAAC7AF1B80AB40009431FC</string>
			</array>
			<key>isa</key>
			<string>PBXGroup</string>
			<key>path</key>
			<string>NaOH</string>
			<key>sourceTree</key>
			<string>&lt;group&gt;</string>
		</dict>
		<key>3AAAC7AD1B80AB40009431FC</key>
		<dict>
			<key>isa</key>
			<string>PBXFileReference</string>
			<key>lastKnownFileType</key>
			<string>sourcecode.c.h</string>
			<key>path</key>
			<string>NaOH.h</string>
			<key>sourceTree</key>
			<string>&lt;group&gt;</string>
		</dict>
		<key>3AAAC7AE1B80AB40009431FC</key>
		<dict>
			<key>fileRef</key>
			<string>3AAAC7AD1B80AB40009431FC</string>
			<key>isa</key>
			<string>PBXBuildFile</string>
			<key>settings</key>
			<dict>
				<key>ATTRIBUTES</key>
				<array>
					<string>Public</string>
				</array>
			</dict>
		</dict>
		<key>3AAAC7AF1B80AB40009431FC</key>
		<dict>
			<key>isa</key>
			<string>PBXFileReference</string>
			<key>lastKnownFileType</key>
			<string>text.plist.xml</string>
			<key>path</key>
			<string>Info.plist</string>
			<key>sourceTree</key>
			<string>&lt;group&gt;</string>
		</dict>
		<key>3AAAC7B01B80AB40009431FC</key>
		<dict>
			<key>buildActionMask</key>
			<string>2147483647</string>
			<key>files</key>
			<array>
				<string>3A526FE01B80AD4F0092BA60</string>
				<string>3A526FDF1B80AD4F0092BA60</string>
				<string>3AAAC7BA1B80AB40009431FC</string>
			</array>
			<key>isa</key>
			<string>PBXSourcesBuildPhase</string>
			<key>runOnlyForDeploymentPostprocessing</key>
			<string>0</string>
		</dict>
		<key>3AAAC7B11B80AB40009431FC</key>
		<dict>
			<key>buildActionMask</key>
			<string>2147483647</string>
			<key>files</key>
			<array>
				<string>3AAAC7B51B80AB40009431FC</string>
			</array>
			<key>isa</key>
			<string>PBXFrameworksBuildPhase</string>
			<key>runOnlyForDeploymentPostprocessing</key>
			<string>0</string>
		</dict>
		<key>3AAAC7B21B80AB40009431FC</key>
		<dict>
			<key>buildActionMask</key>
			<string>2147483647</string>
			<key>files</key>
			<array/>
			<key>isa</key>
			<string>PBXResourcesBuildPhase</string>
			<key>runOnlyForDeploymentPostprocessing</key>
			<string>0</string>
		</dict>
		<key>3AAAC7B31B80AB40009431FC</key>
		<dict>
			<key>buildConfigurationList</key>
			<string>3AAAC7C11B80AB40009431FC</string>
			<key>buildPhases</key>
			<array>
				<string>3AAAC7B01B80AB40009431FC</string>
				<string>3AAAC7B11B80AB40009431FC</string>
				<string>3AAAC7B21B80AB40009431FC</string>
			</array>
			<key>buildRules</key>
			<array/>
			<key>dependencies</key>
			<array>
				<string>3AAAC7B71B80AB40009431FC</string>
			</array>
			<key>isa</key>
			<string>PBXNativeTarget</string>
			<key>name</key>
			<string>NaOHTests</string>
			<key>productName</key>
			<string>NaOHTests</string>
			<key>productReference</key>
			<string>3AAAC7B41B80AB40009431FC</string>
			<key>productType</key>
			<string>com.apple.product-type.bundle.unit-test</string>
		</dict>
		<key>3AAAC7B41B80AB40009431FC</key>
		<dict>
			<key>explicitFileType</key>
			<string>wrapper.cfbundle</string>
			<key>includeInIndex</key>
			<string>0</string>
			<key>isa</key>
			<string>PBXFileReference</string>
			<key>path</key>
			<string>NaOHTests.xctest</string>
			<key>sourceTree</key>
			<string>BUILT_PRODUCTS_DIR</string>
		</dict>
		<key>3AAAC7B51B80AB40009431FC</key>
		<dict>
			<key>fileRef</key>
			<string>3AAAC7AA1B80AB40009431FC</string>
			<key>isa</key>
			<string>PBXBuildFile</string>
		</dict>
		<key>3AAAC7B61B80AB40009431FC</key>
		<dict>
			<key>containerPortal</key>
			<string>3AAAC7A11B80AB40009431FC</string>
			<key>isa</key>
			<string>PBXContainerItemProxy</string>
			<key>proxyType</key>
			<string>1</string>
			<key>remoteGlobalIDString</key>
			<string>3AAAC7A91B80AB40009431FC</string>
			<key>remoteInfo</key>
			<string>NaOH</string>
		</dict>
		<key>3AAAC7B71B80AB40009431FC</key>
		<dict>
			<key>isa</key>
			<string>PBXTargetDependency</string>
			<key>target</key>
			<string>3AAAC7A91B80AB40009431FC</string>
			<key>targetProxy</key>
			<string>3AAAC7B61B80AB40009431FC</string>
		</dict>
		<key>3AAAC7B81B80AB40009431FC</key>
		<dict>
			<key>children</key>
			<array>
				<string>3A526FDD1B80AD4F0092BA60</string>
				<string>3A526FDE1B80AD4F0092BA60</string>
				<string>3AAAC7B91B80AB40009431FC</string>
				<string>3AAAC7BB1B80AB40009431FC</string>
			</array>
			<key>isa</key>
			<string>PBXGroup</string>
			<key>path</key>
			<string>NaOHTests</string>
			<key>sourceTree</key>
			<string>&lt;group&gt;</string>
		</dict>
		<key>3AAAC7B91B80AB40009431FC</key>
		<dict>
			<key>isa</key>
			<string>PBXFileReference</string>
			<key>lastKnownFileType</key>
			<string>sourcecode.swift</string>
			<key>path</key>
			<string>NaOHTests.swift</string>
			<key>sourceTree</key>
			<string>&lt;group&gt;</string>
		</dict>
		<key>3AAAC7BA1B80AB40009431FC</key>
		<dict>
			<key>fileRef</key>
			<string>3AAAC7B91B80AB40009431FC</string>
			<key>isa</key>
			<string>PBXBuildFile</string>
		</dict>
		<key>3AAAC7BB1B80AB40009431FC</key>
		<dict>
			<key>isa</key>
			<string>PBXFileReference</string>
			<key>lastKnownFileType</key>
			<string>text.plist.xml</string>
			<key>path</key>
			<string>Info.plist</string>
			<key>sourceTree</key>
			<string>&lt;group&gt;</string>
		</dict>
		<key>3AAAC7BC1B80AB40009431FC</key>
		<dict>
			<key>buildSettings</key>
			<dict>
				<key>ALWAYS_SEARCH_USER_PATHS</key>
				<string>NO</string>
				<key>CLANG_CXX_LANGUAGE_STANDARD</key>
				<string>gnu++0x</string>
				<key>CLANG_CXX_LIBRARY</key>
				<string>libc++</string>
				<key>CLANG_ENABLE_MODULES</key>
				<string>YES</string>
				<key>CLANG_ENABLE_OBJC_ARC</key>
				<string>YES</string>
				<key>CLANG_WARN_BOOL_CONVERSION</key>
				<string>YES</string>
				<key>CLANG_WARN_CONSTANT_CONVERSION</key>
				<string>YES</string>
				<key>CLANG_WARN_DIRECT_OBJC_ISA_USAGE</key>
				<string>YES_ERROR</string>
				<key>CLANG_WARN_EMPTY_BODY</key>
				<string>YES</string>
				<key>CLANG_WARN_ENUM_CONVERSION</key>
				<string>YES</string>
				<key>CLANG_WARN_INT_CONVERSION</key>
				<string>YES</string>
				<key>CLANG_WARN_OBJC_ROOT_CLASS</key>
				<string>YES_ERROR</string>
				<key>CLANG_WARN_UNREACHABLE_CODE</key>
				<string>YES</string>
				<key>CLANG_WARN__DUPLICATE_METHOD_MATCH</key>
				<string>YES</string>
				<key>COPY_PHASE_STRIP</key>
				<string>NO</string>
				<key>CURRENT_PROJECT_VERSION</key>
				<string>1</string>
				<key>DEBUG_INFORMATION_FORMAT</key>
				<string>dwarf</string>
				<key>ENABLE_STRICT_OBJC_MSGSEND</key>
				<string>YES</string>
				<key>ENABLE_TESTABILITY</key>
				<string>YES</string>
				<key>GCC_C_LANGUAGE_STANDARD</key>
				<string>gnu99</string>
				<key>GCC_DYNAMIC_NO_PIC</key>
				<string>NO</string>
				<key>GCC_NO_COMMON_BLOCKS</key>
				<string>YES</string>
				<key>GCC_OPTIMIZATION_LEVEL</key>
				<string>0</string>
				<key>GCC_PREPROCESSOR_DEFINITIONS</key>
				<array>
					<string>DEBUG=1</string>
					<string>$(inherited)</string>
				</array>
				<key>GCC_WARN_64_TO_32_BIT_CONVERSION</key>
				<string>YES</string>
				<key>GCC_WARN_ABOUT_RETURN_TYPE</key>
				<string>YES_ERROR</string>
				<key>GCC_WARN_UNDECLARED_SELECTOR</key>
				<string>YES</string>
				<key>GCC_WARN_UNINITIALIZED_AUTOS</key>
				<string>YES_AGGRESSIVE</string>
				<key>GCC_WARN_UNUSED_FUNCTION</key>
				<string>YES</string>
				<key>GCC_WARN_UNUSED_VARIABLE</key>
				<string>YES</string>
				<key>MACOSX_DEPLOYMENT_TARGET</key>
				<string>10.10</string>
				<key>MTL_ENABLE_DEBUG_INFO</key>
				<string>YES</string>
				<key>ONLY_ACTIVE_ARCH</key>
				<string>YES</string>
				<key>SDKROOT</key>
				<string>macosx</string>
				<key>SWIFT_OPTIMIZATION_LEVEL</key>
				<string>-Onone</string>
				<key>VERSIONING_SYSTEM</key>
				<string>apple-generic</string>
				<key>VERSION_INFO_PREFIX</key>
				<string></string>
			</dict>
			<key>isa</key>
			<string>XCBuildConfiguration</string>
			<key>name</key>
			<string>Debug</string>
		</dict>
		<key>3AAAC7BD1B80AB40009431FC</key>
		<dict>
			<key>buildSettings</key>
			<dict>
				<key>ALWAYS_SEARCH_USER_PATHS</key>
				<string>NO</string>
				<key>CLANG_CXX_LANGUAGE_STANDARD</key>
				<string>gnu++0x</string>
				<key>CLANG_CXX_LIBRARY</key>
				<string>libc++</string>
				<key>CLANG_ENABLE_MODULES</key>
				<string>YES</string>
				<key>CLANG_ENABLE_OBJC_ARC</key>
				<string>YES</string>
				<key>CLANG_WARN_BOOL_CONVERSION</key>
				<string>YES</string>
				<key>CLANG_WARN_CONSTANT_CONVERSION</key>
				<string>YES</string>
				<key>CLANG_WARN_DIRECT_OBJC_ISA_USAGE</key>
				<string>YES_ERROR</string>
				<key>CLANG_WARN_EMPTY_BODY</key>
				<string>YES</string>
				<key>CLANG_WARN_ENUM_CONVERSION</key>
				<string>YES</string>
				<key>CLANG_WARN_INT_CONVERSION</key>
				<string>YES</string>
				<key>CLANG_WARN_OBJC_ROOT_CLASS</key>
				<string>YES_ERROR</string>
				<key>CLANG_WARN_UNREACHABLE_CODE</key>
				<string>YES</string>
				<key>CLANG_WARN__DUPLICATE_METHOD_MATCH</key>
				<string>YES</string>
				<key>COPY_PHASE_STRIP</key>
				<string>NO</string>
				<key>CURRENT_PROJECT_VERSION</key>
				<string>1</string>
				<key>DEBUG_INFORMATION_FORMAT</key>
				<string>dwarf-with-dsym</string>
				<key>ENABLE_NS_ASSERTIONS</key>
				<string>NO</string>
				<key>ENABLE_STRICT_OBJC_MSGSEND</key>
				<string>YES</string>
				<key>GCC_C_LANGUAGE_STANDARD</key>
				<string>gnu99</string>
				<key>GCC_NO_COMMON_BLOCKS</key>
				<string>YES</string>
				<key>GCC_WARN_64_TO_32_BIT_CONVERSION</key>
				<string>YES</string>
				<key>GCC_WARN_ABOUT_RETURN_TYPE</key>
				<string>YES_ERROR</string>
				<key>GCC_WARN_UNDECLARED_SELECTOR</key>
				<string>YES</string>
				<key>GCC_WARN_UNINITIALIZED_AUTOS</key>
				<string>YES_AGGRESSIVE</string>
				<key>GCC_WARN_UNUSED_FUNCTION</key>
				<string>YES</string>
				<key>GCC_WARN_UNUSED_VARIABLE</key>
				<string>YES</string>
				<key>MACOSX_DEPLOYMENT_TARGET</key>
				<string>10.10</string>
				<key>MTL_ENABLE_DEBUG_INFO</key>
				<string>NO</string>
				<key>SDKROOT</key>
				<string>macosx</string>
				<key>VERSIONING_SYSTEM</key>
				<string>apple-generic</string>
				<key>VERSION_INFO_PREFIX</key>
				<string></string>
			</dict>
			<key>isa</key>
			<string>XCBuildConfiguration</string>
			<key>name</key>
			<string>Release</string>
		</dict>
		<key>3AAAC7BE1B80AB40009431FC</key>
		<dict>
			<key>buildConfigurations</key>
			<array>
				<string>3AAAC7BF1B80AB40009431FC</string>
				<string>3AAAC7C01B80AB40009431FC</string>
			</array>
			<key>defaultConfigurationIsVisible</key>
			<string>0</string>
			<key>defaultConfigurationName</key>
			<string>Release</string>
			<key>isa</key>
			<string>XCConfigurationList</string>
		</dict>
		<key>3AAAC7BF1B80AB40009431FC</key>
		<dict>
			<key>buildSettings</key>
			<dict>
				<key>CLANG_ENABLE_MODULES</key>
				<string>YES</string>
				<key>COMBINE_HIDPI_IMAGES</key>
				<string>YES</string>
				<key>DEFINES_MODULE</key>
				<string>YES</string>
				<key>DYLIB_COMPATIBILITY_VERSION</key>
				<string>1</string>
				<key>DYLIB_CURRENT_VERSION</key>
				<string>1</string>
				<key>DYLIB_INSTALL_NAME_BASE</key>
				<string>@rpath</string>
				<key>FRAMEWORK_VERSION</key>
				<string>A</string>
				<key>INFOPLIST_FILE</key>
				<string>NaOH/Info.plist</string>
				<key>INSTALL_PATH</key>
				<string>$(LOCAL_LIBRARY_DIR)/Frameworks</string>
				<key>LD_RUNPATH_SEARCH_PATHS</key>
				<string>$(inherited) @executable_path/../Frameworks @loader_path/Frameworks</string>
				<key>LIBRARY_SEARCH_PATHS</key>
				<array>
					<string>$(inherited)</string>
					<string>$(PROJECT_DIR)/NaOH/libsodium</string>
				</array>
				<key>PRODUCT_BUNDLE_IDENTIFIER</key>
				<string>com.dca.NaOH</string>
				<key>PRODUCT_NAME</key>
				<string>$(TARGET_NAME)</string>
				<key>SKIP_INSTALL</key>
				<string>YES</string>
				<key>SWIFT_OPTIMIZATION_LEVEL</key>
				<string>-Onone</string>
			</dict>
			<key>isa</key>
			<string>XCBuildConfiguration</string>
			<key>name</key>
			<string>Debug</string>
		</dict>
		<key>3AAAC7C01B80AB40009431FC</key>
		<dict>
			<key>buildSettings</key>
			<dict>
				<key>CLANG_ENABLE_MODULES</key>
				<string>YES</string>
				<key>COMBINE_HIDPI_IMAGES</key>
				<string>YES</string>
				<key>DEFINES_MODULE</key>
				<string>YES</string>
				<key>DYLIB_COMPATIBILITY_VERSION</key>
				<string>1</string>
				<key>DYLIB_CURRENT_VERSION</key>
				<string>1</string>
				<key>DYLIB_INSTALL_NAME_BASE</key>
				<string>@rpath</string>
				<key>FRAMEWORK_VERSION</key>
				<string>A</string>
				<key>INFOPLIST_FILE</key>
				<string>NaOH/Info.plist</string>
				<key>INSTALL_PATH</key>
				<string>$(LOCAL_LIBRARY_DIR)/Frameworks</string>
				<key>LD_RUNPATH_SEARCH_PATHS</key>
				<string>$(inherited) @executable_path/../Frameworks @loader_path/Frameworks</string>
				<key>LIBRARY_SEARCH_PATHS</key>
				<array>
					<string>$(inherited)</string>
					<string>$(PROJECT_DIR)/NaOH/libsodium</string>
				</array>
				<key>PRODUCT_BUNDLE_IDENTIFIER</key>
				<string>com.dca.NaOH</string>
				<key>PRODUCT_NAME</key>
				<string>$(TARGET_NAME)</string>
				<key>SKIP_INSTALL</key>
				<string>YES</string>
			</dict>
			<key>isa</key>
			<string>XCBuildConfiguration</string>
			<key>name</key>
			<string>Release</string>
		</dict>
		<key>3AAAC7C11B80AB40009431FC</key>
		<dict>
			<key>buildConfigurations</key>
			<array>
				<string>3AAAC7C21B80AB40009431FC</string>
				<string>3AAAC7C31B80AB40009431FC</string>
			</array>
			<key>defaultConfigurationIsVisible</key>
			<string>0</string>
			<key>defaultConfigurationName</key>
			<string>Release</string>
			<key>isa</key>
			<string>XCConfigurationList</string>
		</dict>
		<key>3AAAC7C21B80AB40009431FC</key>
		<dict>
			<key>buildSettings</key>
			<dict>
				<key>COMBINE_HIDPI_IMAGES</key>
				<string>YES</string>
				<key>INFOPLIST_FILE</key>
				<string>NaOHTests/Info.plist</string>
				<key>LD_RUNPATH_SEARCH_PATHS</key>
				<string>$(inherited) @executable_path/../Frameworks @loader_path/../Frameworks</string>
				<key>PRODUCT_BUNDLE_IDENTIFIER</key>
				<string>com.dca.NaOHTests</string>
				<key>PRODUCT_NAME</key>
				<string>$(TARGET_NAME)</string>
			</dict>
			<key>isa</key>
			<string>XCBuildConfiguration</string>
			<key>name</key>
			<string>Debug</string>
		</dict>
		<key>3AAAC7C31B80AB40009431FC</key>
		<dict>
			<key>buildSettings</key>
			<dict>
				<key>COMBINE_HIDPI_IMAGES</key>
				<string>YES</string>
				<key>INFOPLIST_FILE</key>
				<string>NaOHTests/Info.plist</string>
				<key>LD_RUNPATH_SEARCH_PATHS</key>
				<string>$(inherited) @executable_path/../Frameworks @loader_path/../Frameworks</string>
				<key>PRODUCT_BUNDLE_IDENTIFIER</key>
				<string>com.dca.NaOHTests</string>
				<key>PRODUCT_NAME</key>
				<string>$(TARGET_NAME)</string>
			</dict>
			<key>isa</key>
			<string>XCBuildConfiguration</string>
			<key>name</key>
			<string>Release</string>
		</dict>
		<key>3AAAC7C41B80AB98009431FC</key>
		<dict>
			<key>children</key>
			<array>
				<string>3A526FDB1B80ACEB0092BA60</string>
				<string>3AAAC7FC1B80ABA4009431FC</string>
			</array>
			<key>isa</key>
			<string>PBXGroup</string>
			<key>path</key>
			<string>libsodium</string>
			<key>sourceTree</key>
			<string>&lt;group&gt;</string>
		</dict>
		<key>3AAAC7FC1B80ABA4009431FC</key>
		<dict>
			<key>children</key>
			<array>
				<string>3A526F6F1B80ACCE0092BA60</string>
				<string>3A526F701B80ACCE0092BA60</string>
				<string>3A526F711B80ACCE0092BA60</string>
				<string>3A526F721B80ACCE0092BA60</string>
				<string>3A526F731B80ACCE0092BA60</string>
				<string>3A526F741B80ACCE0092BA60</string>
				<string>3A526F751B80ACCE0092BA60</string>
				<string>3A526F761B80ACCE0092BA60</string>
				<string>3A526F771B80ACCE0092BA60</string>
				<string>3A526F781B80ACCE0092BA60</string>
				<string>3A526F791B80ACCE0092BA60</string>
				<string>3A526F7A1B80ACCE0092BA60</string>
				<string>3A526F7B1B80ACCE0092BA60</string>
				<string>3A526F7C1B80ACCE0092BA60</string>
				<string>3A526F7D1B80ACCE0092BA60</string>
				<string>3A526F7E1B80ACCE0092BA60</string>
				<string>3A526F7F1B80ACCE0092BA60</string>
				<string>3A526F801B80ACCE0092BA60</string>
				<string>3A526F811B80ACCE0092BA60</string>
				<string>3A526F821B80ACCE0092BA60</string>
				<string>3A526F831B80ACCE0092BA60</string>
				<string>3A526F841B80ACCE0092BA60</string>
				<string>3A526F851B80ACCE0092BA60</string>
				<string>3A526F861B80ACCE0092BA60</string>
				<string>3A526F871B80ACCE0092BA60</string>
				<string>3A526F881B80ACCE0092BA60</string>
				<string>3A526F891B80ACCE0092BA60</string>
				<string>3A526F8A1B80ACCE0092BA60</string>
				<string>3A526F8B1B80ACCE0092BA60</string>
				<string>3A526F8C1B80ACCE0092BA60</string>
				<string>3A526F8D1B80ACCE0092BA60</string>
				<string>3A526F8E1B80ACCE0092BA60</string>
				<string>3A526F8F1B80ACCE0092BA60</string>
				<string>3A526F901B80ACCE0092BA60</string>
				<string>3A526F911B80ACCE0092BA60</string>
				<string>3A526F921B80ACCE0092BA60</string>
				<string>3A526F931B80ACCE0092BA60</string>
				<string>3A526F941B80ACCE0092BA60</string>
				<string>3A526F951B80ACCE0092BA60</string>
				<string>3A526F961B80ACCE0092BA60</string>
				<string>3A526F971B80ACCE0092BA60</string>
				<string>3A526F981B80ACCE0092BA60</string>
				<string>3A526F991B80ACCE0092BA60</string>
				<string>3A526F9A1B80ACCE0092BA60</string>
				<string>3A526F9B1B80ACCE0092BA60</string>
				<string>3A526F9C1B80ACCE0092BA60</string>
				<string>3A526F9D1B80ACCE0092BA60</string>
				<string>3A526F9E1B80ACCE0092BA60</string>
				<string>3A526F9F1B80ACCE0092BA60</string>
				<string>3A526FA01B80ACCE0092BA60</string>
				<string>3A526FA11B80ACCE0092BA60</string>
				<string>3A526FA21B80ACCE0092BA60</string>
				<string>3A526FA31B80ACCE0092BA60</string>
				<string>3A526FA41B80ACCE0092BA60</string>
			</array>
			<key>isa</key>
			<string>PBXGroup</string>
			<key>path</key>
			<string>sodium</string>
			<key>sourceTree</key>
			<string>&lt;group&gt;</string>
		</dict>
	</dict>
	<key>rootObject</key>
	<string>3AAAC7A11B80AB40009431FC</string>
</dict>
</plist>
